
Microsoft Visual Studio Solution File, Format Version 12.00
# Visual Studio 14
VisualStudioVersion = 14.0.25123.0
MinimumVisualStudioVersion = 10.0.40219.1
Project("{8BC9CEB8-8B4A-11D0-8D11-00A0C91BC942}") = "libSemphella", "libSemphella\libSemphella.vcxproj", "{4A7E309D-D699-4583-9D5A-1042F9F6F893}"
EndProject
Project("{8BC9CEB8-8B4A-11D0-8D11-00A0C91BC942}") = "PT", "PT\runner.vcxproj", "{CC1E8976-E4DB-44A0-AC57-C177E6141B0F}"
EndProject
Project("{8BC9CEB8-8B4A-11D0-8D11-00A0C91BC942}") = "mpshell", "mpshell\mpshell.vcxproj", "{CFC43ED5-11BA-43F6-AC2B-F3E354BF29FD}"
EndProject
Project("{8BC9CEB8-8B4A-11D0-8D11-00A0C91BC942}") = "s2s", "s2s\s2s.vcxproj", "{1538D703-5A9A-4C65-B1FA-208CFDA8DC90}"
EndProject
Project("{8BC9CEB8-8B4A-11D0-8D11-00A0C91BC942}") = "mconf", "mconf\mconf.vcxproj", "{C47FE7FE-F475-4963-A570-C329708B33C1}"
EndProject
Project("{8BC9CEB8-8B4A-11D0-8D11-00A0C91BC942}") = "cryptutil2", "cryptutil2\cryptutil2.vcxproj", "{1D5AAFC3-EA6A-4035-81AF-002D00894D3E}"
EndProject
Project("{8BC9CEB8-8B4A-11D0-8D11-00A0C91BC942}") = "SerialPortUtils", "SerialPortUtils\DragonEDGE.vcxproj", "{6C8FC2DC-53D3-4266-AEE5-06F6FBCB29A8}"
EndProject
Project("{8BC9CEB8-8B4A-11D0-8D11-00A0C91BC942}") = "xCPU", "xCPU\xCPU.vcxproj", "{B34A3B1F-EDC5-47C6-BEB5-1BA8A3E9C1F5}"
EndProject
Project("{2150E333-8FDC-42A3-9474-1A3956D46DE8}") = "Solution Items", "Solution Items", "{740DF442-5DA3-4C86-88C7-99F19A99E972}"
	ProjectSection(SolutionItems) = preProject
		CMakeLists.txt = CMakeLists.txt
	EndProjectSection
EndProject
Project("{6141683F-8A12-4E36-9623-2EB02B2C2303}") = "GroupPackages", "PT_INSTALL\GroupPackages.isproj", "{DA2CC425-D02A-41DF-8772-AD45EBF7A7F0}"
	ProjectSection(ProjectDependencies) = postProject
		{1538D703-5A9A-4C65-B1FA-208CFDA8DC90} = {1538D703-5A9A-4C65-B1FA-208CFDA8DC90}
		{B34A3B1F-EDC5-47C6-BEB5-1BA8A3E9C1F5} = {B34A3B1F-EDC5-47C6-BEB5-1BA8A3E9C1F5}
		{CC1E8976-E4DB-44A0-AC57-C177E6141B0F} = {CC1E8976-E4DB-44A0-AC57-C177E6141B0F}
		{4A7E309D-D699-4583-9D5A-1042F9F6F893} = {4A7E309D-D699-4583-9D5A-1042F9F6F893}
		{1D5AAFC3-EA6A-4035-81AF-002D00894D3E} = {1D5AAFC3-EA6A-4035-81AF-002D00894D3E}
		{CFC43ED5-11BA-43F6-AC2B-F3E354BF29FD} = {CFC43ED5-11BA-43F6-AC2B-F3E354BF29FD}
		{6C8FC2DC-53D3-4266-AEE5-06F6FBCB29A8} = {6C8FC2DC-53D3-4266-AEE5-06F6FBCB29A8}
	EndProjectSection
EndProject
Project("{8BC9CEB8-8B4A-11D0-8D11-00A0C91BC942}") = "TAHITI", "TAHITI\TAHITI.vcxproj", "{D4094C16-ACC4-4954-B161-AC21CDBC51F9}"
EndProject
Project("{8BC9CEB8-8B4A-11D0-8D11-00A0C91BC942}") = "ULTRON", "ULTRON\ULTRON.vcxproj", "{AECB8DCF-DACF-4FAF-87FD-7B9AE588F21F}"
EndProject
Project("{8BC9CEB8-8B4A-11D0-8D11-00A0C91BC942}") = "PerformanceInvilige", "PerformanceInvilige\PerformanceInvilige.vcxproj", "{4DE26F91-50D8-49DB-9E8E-953B23EDB1F7}"
EndProject
Project("{8BC9CEB8-8B4A-11D0-8D11-00A0C91BC942}") = "libERT", "libERT\libERT.vcxproj", "{0F010312-834C-4D3E-84F7-A95FD8CA63C6}"
EndProject
Project("{2150E333-8FDC-42A3-9474-1A3956D46DE8}") = "WindowsApplication", "WindowsApplication", "{87DE87A7-7FA5-4155-9A1B-1A80C4E723AB}"
EndProject
Project("{8BC9CEB8-8B4A-11D0-8D11-00A0C91BC942}") = "dllSemphella_APP", "WindowsApplication\dllSemphella_APP\dllSemphella_APP.vcxproj", "{ACA2D47A-2381-49B7-ACD4-463826252A35}"
EndProject
Project("{8BC9CEB8-8B4A-11D0-8D11-00A0C91BC942}") = "dllERT", "WindowsApplication\dllERT\dllERT.vcxproj", "{C0D999E5-B660-4E7E-A8AA-138ED2F20096}"
EndProject
Project("{8BC9CEB8-8B4A-11D0-8D11-00A0C91BC942}") = "TAHITI_WINDOWSAPP", "WindowsApplication\TAHITI_WINDOWSAPP\TAHITI_WINDOWSAPP.vcxproj", "{1D5CDB9A-5C7B-4244-86CD-997179A55491}"
EndProject
Project("{8BC9CEB8-8B4A-11D0-8D11-00A0C91BC942}") = "cryptutils_windows_app", "WindowsApplication\cryptutils_windows_app\cryptutils_windows_app.vcxproj", "{DC67EE6C-116D-44F5-BBC5-2C2CD84716D0}"
EndProject
Global
	GlobalSection(SolutionConfigurationPlatforms) = preSolution
		CD_ROM|Any CPU = CD_ROM|Any CPU
		CD_ROM|ARM = CD_ROM|ARM
		CD_ROM|Mixed Platforms = CD_ROM|Mixed Platforms
		CD_ROM|Win32 = CD_ROM|Win32
		CD_ROM|x64 = CD_ROM|x64
		Compile|Any CPU = Compile|Any CPU
		Compile|ARM = Compile|ARM
		Compile|Mixed Platforms = Compile|Mixed Platforms
		Compile|Win32 = Compile|Win32
		Compile|x64 = Compile|x64
		Debug|Any CPU = Debug|Any CPU
		Debug|ARM = Debug|ARM
		Debug|Mixed Platforms = Debug|Mixed Platforms
		Debug|Win32 = Debug|Win32
		Debug|x64 = Debug|x64
		DVD-5|Any CPU = DVD-5|Any CPU
		DVD-5|ARM = DVD-5|ARM
		DVD-5|Mixed Platforms = DVD-5|Mixed Platforms
		DVD-5|Win32 = DVD-5|Win32
		DVD-5|x64 = DVD-5|x64
		Release|Any CPU = Release|Any CPU
		Release|ARM = Release|ARM
		Release|Mixed Platforms = Release|Mixed Platforms
		Release|Win32 = Release|Win32
		Release|x64 = Release|x64
		SingleImage|Any CPU = SingleImage|Any CPU
		SingleImage|ARM = SingleImage|ARM
		SingleImage|Mixed Platforms = SingleImage|Mixed Platforms
		SingleImage|Win32 = SingleImage|Win32
		SingleImage|x64 = SingleImage|x64
	EndGlobalSection
	GlobalSection(ProjectConfigurationPlatforms) = postSolution
		{4A7E309D-D699-4583-9D5A-1042F9F6F893}.CD_ROM|Any CPU.ActiveCfg = Release|x64
		{4A7E309D-D699-4583-9D5A-1042F9F6F893}.CD_ROM|Any CPU.Build.0 = Release|x64
		{4A7E309D-D699-4583-9D5A-1042F9F6F893}.CD_ROM|ARM.ActiveCfg = Debug|Win32
		{4A7E309D-D699-4583-9D5A-1042F9F6F893}.CD_ROM|ARM.Build.0 = Debug|Win32
		{4A7E309D-D699-4583-9D5A-1042F9F6F893}.CD_ROM|Mixed Platforms.ActiveCfg = Release|Win32
		{4A7E309D-D699-4583-9D5A-1042F9F6F893}.CD_ROM|Mixed Platforms.Build.0 = Release|Win32
		{4A7E309D-D699-4583-9D5A-1042F9F6F893}.CD_ROM|Win32.ActiveCfg = Release|Win32
		{4A7E309D-D699-4583-9D5A-1042F9F6F893}.CD_ROM|Win32.Build.0 = Release|Win32
		{4A7E309D-D699-4583-9D5A-1042F9F6F893}.CD_ROM|x64.ActiveCfg = Debug|x64
		{4A7E309D-D699-4583-9D5A-1042F9F6F893}.CD_ROM|x64.Build.0 = Debug|x64
		{4A7E309D-D699-4583-9D5A-1042F9F6F893}.Compile|Any CPU.ActiveCfg = Release|x64
		{4A7E309D-D699-4583-9D5A-1042F9F6F893}.Compile|Any CPU.Build.0 = Release|x64
		{4A7E309D-D699-4583-9D5A-1042F9F6F893}.Compile|ARM.ActiveCfg = Debug|Win32
		{4A7E309D-D699-4583-9D5A-1042F9F6F893}.Compile|ARM.Build.0 = Debug|Win32
		{4A7E309D-D699-4583-9D5A-1042F9F6F893}.Compile|Mixed Platforms.ActiveCfg = Debug|Win32
		{4A7E309D-D699-4583-9D5A-1042F9F6F893}.Compile|Mixed Platforms.Build.0 = Debug|Win32
		{4A7E309D-D699-4583-9D5A-1042F9F6F893}.Compile|Win32.ActiveCfg = Release|Win32
		{4A7E309D-D699-4583-9D5A-1042F9F6F893}.Compile|Win32.Build.0 = Release|Win32
		{4A7E309D-D699-4583-9D5A-1042F9F6F893}.Compile|x64.ActiveCfg = Release|x64
		{4A7E309D-D699-4583-9D5A-1042F9F6F893}.Compile|x64.Build.0 = Release|x64
		{4A7E309D-D699-4583-9D5A-1042F9F6F893}.Debug|Any CPU.ActiveCfg = Debug|Win32
		{4A7E309D-D699-4583-9D5A-1042F9F6F893}.Debug|ARM.ActiveCfg = Debug|Win32
		{4A7E309D-D699-4583-9D5A-1042F9F6F893}.Debug|Mixed Platforms.ActiveCfg = Debug|Win32
		{4A7E309D-D699-4583-9D5A-1042F9F6F893}.Debug|Mixed Platforms.Build.0 = Debug|Win32
		{4A7E309D-D699-4583-9D5A-1042F9F6F893}.Debug|Win32.ActiveCfg = Debug|Win32
		{4A7E309D-D699-4583-9D5A-1042F9F6F893}.Debug|Win32.Build.0 = Debug|Win32
		{4A7E309D-D699-4583-9D5A-1042F9F6F893}.Debug|x64.ActiveCfg = Debug|x64
		{4A7E309D-D699-4583-9D5A-1042F9F6F893}.Debug|x64.Build.0 = Debug|x64
		{4A7E309D-D699-4583-9D5A-1042F9F6F893}.DVD-5|Any CPU.ActiveCfg = Release|x64
		{4A7E309D-D699-4583-9D5A-1042F9F6F893}.DVD-5|Any CPU.Build.0 = Release|x64
		{4A7E309D-D699-4583-9D5A-1042F9F6F893}.DVD-5|ARM.ActiveCfg = Debug|Win32
		{4A7E309D-D699-4583-9D5A-1042F9F6F893}.DVD-5|ARM.Build.0 = Debug|Win32
		{4A7E309D-D699-4583-9D5A-1042F9F6F893}.DVD-5|Mixed Platforms.ActiveCfg = Debug|Win32
		{4A7E309D-D699-4583-9D5A-1042F9F6F893}.DVD-5|Mixed Platforms.Build.0 = Debug|Win32
		{4A7E309D-D699-4583-9D5A-1042F9F6F893}.DVD-5|Win32.ActiveCfg = Debug|Win32
		{4A7E309D-D699-4583-9D5A-1042F9F6F893}.DVD-5|Win32.Build.0 = Debug|Win32
		{4A7E309D-D699-4583-9D5A-1042F9F6F893}.DVD-5|x64.ActiveCfg = Debug|x64
		{4A7E309D-D699-4583-9D5A-1042F9F6F893}.DVD-5|x64.Build.0 = Debug|x64
		{4A7E309D-D699-4583-9D5A-1042F9F6F893}.Release|Any CPU.ActiveCfg = Release|Win32
		{4A7E309D-D699-4583-9D5A-1042F9F6F893}.Release|ARM.ActiveCfg = Release|Win32
		{4A7E309D-D699-4583-9D5A-1042F9F6F893}.Release|Mixed Platforms.ActiveCfg = Release|Win32
		{4A7E309D-D699-4583-9D5A-1042F9F6F893}.Release|Mixed Platforms.Build.0 = Release|Win32
		{4A7E309D-D699-4583-9D5A-1042F9F6F893}.Release|Win32.ActiveCfg = Release|Win32
		{4A7E309D-D699-4583-9D5A-1042F9F6F893}.Release|Win32.Build.0 = Release|Win32
		{4A7E309D-D699-4583-9D5A-1042F9F6F893}.Release|x64.ActiveCfg = Release|x64
		{4A7E309D-D699-4583-9D5A-1042F9F6F893}.Release|x64.Build.0 = Release|x64
		{4A7E309D-D699-4583-9D5A-1042F9F6F893}.SingleImage|Any CPU.ActiveCfg = Release|x64
		{4A7E309D-D699-4583-9D5A-1042F9F6F893}.SingleImage|Any CPU.Build.0 = Release|x64
		{4A7E309D-D699-4583-9D5A-1042F9F6F893}.SingleImage|ARM.ActiveCfg = Debug|Win32
		{4A7E309D-D699-4583-9D5A-1042F9F6F893}.SingleImage|ARM.Build.0 = Debug|Win32
		{4A7E309D-D699-4583-9D5A-1042F9F6F893}.SingleImage|Mixed Platforms.ActiveCfg = Release|Win32
		{4A7E309D-D699-4583-9D5A-1042F9F6F893}.SingleImage|Mixed Platforms.Build.0 = Release|Win32
		{4A7E309D-D699-4583-9D5A-1042F9F6F893}.SingleImage|Win32.ActiveCfg = Release|Win32
		{4A7E309D-D699-4583-9D5A-1042F9F6F893}.SingleImage|Win32.Build.0 = Release|Win32
		{4A7E309D-D699-4583-9D5A-1042F9F6F893}.SingleImage|x64.ActiveCfg = Debug|x64
		{4A7E309D-D699-4583-9D5A-1042F9F6F893}.SingleImage|x64.Build.0 = Debug|x64
		{CC1E8976-E4DB-44A0-AC57-C177E6141B0F}.CD_ROM|Any CPU.ActiveCfg = Release|x64
		{CC1E8976-E4DB-44A0-AC57-C177E6141B0F}.CD_ROM|Any CPU.Build.0 = Release|x64
		{CC1E8976-E4DB-44A0-AC57-C177E6141B0F}.CD_ROM|ARM.ActiveCfg = Debug|Win32
		{CC1E8976-E4DB-44A0-AC57-C177E6141B0F}.CD_ROM|ARM.Build.0 = Debug|Win32
		{CC1E8976-E4DB-44A0-AC57-C177E6141B0F}.CD_ROM|Mixed Platforms.ActiveCfg = Release|Win32
		{CC1E8976-E4DB-44A0-AC57-C177E6141B0F}.CD_ROM|Mixed Platforms.Build.0 = Release|Win32
		{CC1E8976-E4DB-44A0-AC57-C177E6141B0F}.CD_ROM|Win32.ActiveCfg = Release|Win32
		{CC1E8976-E4DB-44A0-AC57-C177E6141B0F}.CD_ROM|Win32.Build.0 = Release|Win32
		{CC1E8976-E4DB-44A0-AC57-C177E6141B0F}.CD_ROM|x64.ActiveCfg = Debug|x64
		{CC1E8976-E4DB-44A0-AC57-C177E6141B0F}.CD_ROM|x64.Build.0 = Debug|x64
		{CC1E8976-E4DB-44A0-AC57-C177E6141B0F}.Compile|Any CPU.ActiveCfg = Release|x64
		{CC1E8976-E4DB-44A0-AC57-C177E6141B0F}.Compile|Any CPU.Build.0 = Release|x64
		{CC1E8976-E4DB-44A0-AC57-C177E6141B0F}.Compile|ARM.ActiveCfg = Debug|Win32
		{CC1E8976-E4DB-44A0-AC57-C177E6141B0F}.Compile|ARM.Build.0 = Debug|Win32
		{CC1E8976-E4DB-44A0-AC57-C177E6141B0F}.Compile|Mixed Platforms.ActiveCfg = Debug|Win32
		{CC1E8976-E4DB-44A0-AC57-C177E6141B0F}.Compile|Mixed Platforms.Build.0 = Debug|Win32
		{CC1E8976-E4DB-44A0-AC57-C177E6141B0F}.Compile|Win32.ActiveCfg = Release|Win32
		{CC1E8976-E4DB-44A0-AC57-C177E6141B0F}.Compile|Win32.Build.0 = Release|Win32
		{CC1E8976-E4DB-44A0-AC57-C177E6141B0F}.Compile|x64.ActiveCfg = Release|x64
		{CC1E8976-E4DB-44A0-AC57-C177E6141B0F}.Compile|x64.Build.0 = Release|x64
		{CC1E8976-E4DB-44A0-AC57-C177E6141B0F}.Debug|Any CPU.ActiveCfg = Debug|Win32
		{CC1E8976-E4DB-44A0-AC57-C177E6141B0F}.Debug|ARM.ActiveCfg = Debug|Win32
		{CC1E8976-E4DB-44A0-AC57-C177E6141B0F}.Debug|Mixed Platforms.ActiveCfg = Debug|Win32
		{CC1E8976-E4DB-44A0-AC57-C177E6141B0F}.Debug|Mixed Platforms.Build.0 = Debug|Win32
		{CC1E8976-E4DB-44A0-AC57-C177E6141B0F}.Debug|Win32.ActiveCfg = Debug|Win32
		{CC1E8976-E4DB-44A0-AC57-C177E6141B0F}.Debug|Win32.Build.0 = Debug|Win32
		{CC1E8976-E4DB-44A0-AC57-C177E6141B0F}.Debug|x64.ActiveCfg = Debug|x64
		{CC1E8976-E4DB-44A0-AC57-C177E6141B0F}.Debug|x64.Build.0 = Debug|x64
		{CC1E8976-E4DB-44A0-AC57-C177E6141B0F}.DVD-5|Any CPU.ActiveCfg = Release|x64
		{CC1E8976-E4DB-44A0-AC57-C177E6141B0F}.DVD-5|Any CPU.Build.0 = Release|x64
		{CC1E8976-E4DB-44A0-AC57-C177E6141B0F}.DVD-5|ARM.ActiveCfg = Debug|Win32
		{CC1E8976-E4DB-44A0-AC57-C177E6141B0F}.DVD-5|ARM.Build.0 = Debug|Win32
		{CC1E8976-E4DB-44A0-AC57-C177E6141B0F}.DVD-5|Mixed Platforms.ActiveCfg = Debug|Win32
		{CC1E8976-E4DB-44A0-AC57-C177E6141B0F}.DVD-5|Mixed Platforms.Build.0 = Debug|Win32
		{CC1E8976-E4DB-44A0-AC57-C177E6141B0F}.DVD-5|Win32.ActiveCfg = Debug|Win32
		{CC1E8976-E4DB-44A0-AC57-C177E6141B0F}.DVD-5|Win32.Build.0 = Debug|Win32
		{CC1E8976-E4DB-44A0-AC57-C177E6141B0F}.DVD-5|x64.ActiveCfg = Debug|x64
		{CC1E8976-E4DB-44A0-AC57-C177E6141B0F}.DVD-5|x64.Build.0 = Debug|x64
		{CC1E8976-E4DB-44A0-AC57-C177E6141B0F}.Release|Any CPU.ActiveCfg = Release|Win32
		{CC1E8976-E4DB-44A0-AC57-C177E6141B0F}.Release|ARM.ActiveCfg = Release|Win32
		{CC1E8976-E4DB-44A0-AC57-C177E6141B0F}.Release|Mixed Platforms.ActiveCfg = Release|Win32
		{CC1E8976-E4DB-44A0-AC57-C177E6141B0F}.Release|Mixed Platforms.Build.0 = Release|Win32
		{CC1E8976-E4DB-44A0-AC57-C177E6141B0F}.Release|Win32.ActiveCfg = Release|Win32
		{CC1E8976-E4DB-44A0-AC57-C177E6141B0F}.Release|Win32.Build.0 = Release|Win32
		{CC1E8976-E4DB-44A0-AC57-C177E6141B0F}.Release|x64.ActiveCfg = Release|x64
		{CC1E8976-E4DB-44A0-AC57-C177E6141B0F}.Release|x64.Build.0 = Release|x64
		{CC1E8976-E4DB-44A0-AC57-C177E6141B0F}.SingleImage|Any CPU.ActiveCfg = Release|x64
		{CC1E8976-E4DB-44A0-AC57-C177E6141B0F}.SingleImage|Any CPU.Build.0 = Release|x64
		{CC1E8976-E4DB-44A0-AC57-C177E6141B0F}.SingleImage|ARM.ActiveCfg = Debug|Win32
		{CC1E8976-E4DB-44A0-AC57-C177E6141B0F}.SingleImage|ARM.Build.0 = Debug|Win32
		{CC1E8976-E4DB-44A0-AC57-C177E6141B0F}.SingleImage|Mixed Platforms.ActiveCfg = Release|Win32
		{CC1E8976-E4DB-44A0-AC57-C177E6141B0F}.SingleImage|Mixed Platforms.Build.0 = Release|Win32
		{CC1E8976-E4DB-44A0-AC57-C177E6141B0F}.SingleImage|Win32.ActiveCfg = Release|Win32
		{CC1E8976-E4DB-44A0-AC57-C177E6141B0F}.SingleImage|Win32.Build.0 = Release|Win32
		{CC1E8976-E4DB-44A0-AC57-C177E6141B0F}.SingleImage|x64.ActiveCfg = Debug|x64
		{CC1E8976-E4DB-44A0-AC57-C177E6141B0F}.SingleImage|x64.Build.0 = Debug|x64
		{CFC43ED5-11BA-43F6-AC2B-F3E354BF29FD}.CD_ROM|Any CPU.ActiveCfg = Release|x64
		{CFC43ED5-11BA-43F6-AC2B-F3E354BF29FD}.CD_ROM|Any CPU.Build.0 = Release|x64
		{CFC43ED5-11BA-43F6-AC2B-F3E354BF29FD}.CD_ROM|ARM.ActiveCfg = Debug|Win32
		{CFC43ED5-11BA-43F6-AC2B-F3E354BF29FD}.CD_ROM|ARM.Build.0 = Debug|Win32
		{CFC43ED5-11BA-43F6-AC2B-F3E354BF29FD}.CD_ROM|Mixed Platforms.ActiveCfg = Release|Win32
		{CFC43ED5-11BA-43F6-AC2B-F3E354BF29FD}.CD_ROM|Mixed Platforms.Build.0 = Release|Win32
		{CFC43ED5-11BA-43F6-AC2B-F3E354BF29FD}.CD_ROM|Win32.ActiveCfg = Release|Win32
		{CFC43ED5-11BA-43F6-AC2B-F3E354BF29FD}.CD_ROM|Win32.Build.0 = Release|Win32
		{CFC43ED5-11BA-43F6-AC2B-F3E354BF29FD}.CD_ROM|x64.ActiveCfg = Debug|x64
		{CFC43ED5-11BA-43F6-AC2B-F3E354BF29FD}.CD_ROM|x64.Build.0 = Debug|x64
		{CFC43ED5-11BA-43F6-AC2B-F3E354BF29FD}.Compile|Any CPU.ActiveCfg = Release|x64
		{CFC43ED5-11BA-43F6-AC2B-F3E354BF29FD}.Compile|Any CPU.Build.0 = Release|x64
		{CFC43ED5-11BA-43F6-AC2B-F3E354BF29FD}.Compile|ARM.ActiveCfg = Debug|Win32
		{CFC43ED5-11BA-43F6-AC2B-F3E354BF29FD}.Compile|ARM.Build.0 = Debug|Win32
		{CFC43ED5-11BA-43F6-AC2B-F3E354BF29FD}.Compile|Mixed Platforms.ActiveCfg = Debug|Win32
		{CFC43ED5-11BA-43F6-AC2B-F3E354BF29FD}.Compile|Mixed Platforms.Build.0 = Debug|Win32
		{CFC43ED5-11BA-43F6-AC2B-F3E354BF29FD}.Compile|Win32.ActiveCfg = Release|Win32
		{CFC43ED5-11BA-43F6-AC2B-F3E354BF29FD}.Compile|Win32.Build.0 = Release|Win32
		{CFC43ED5-11BA-43F6-AC2B-F3E354BF29FD}.Compile|x64.ActiveCfg = Release|x64
		{CFC43ED5-11BA-43F6-AC2B-F3E354BF29FD}.Compile|x64.Build.0 = Release|x64
		{CFC43ED5-11BA-43F6-AC2B-F3E354BF29FD}.Debug|Any CPU.ActiveCfg = Debug|Win32
		{CFC43ED5-11BA-43F6-AC2B-F3E354BF29FD}.Debug|ARM.ActiveCfg = Debug|Win32
		{CFC43ED5-11BA-43F6-AC2B-F3E354BF29FD}.Debug|Mixed Platforms.ActiveCfg = Debug|Win32
		{CFC43ED5-11BA-43F6-AC2B-F3E354BF29FD}.Debug|Mixed Platforms.Build.0 = Debug|Win32
		{CFC43ED5-11BA-43F6-AC2B-F3E354BF29FD}.Debug|Win32.ActiveCfg = Debug|Win32
		{CFC43ED5-11BA-43F6-AC2B-F3E354BF29FD}.Debug|Win32.Build.0 = Debug|Win32
		{CFC43ED5-11BA-43F6-AC2B-F3E354BF29FD}.Debug|x64.ActiveCfg = Debug|x64
		{CFC43ED5-11BA-43F6-AC2B-F3E354BF29FD}.Debug|x64.Build.0 = Debug|x64
		{CFC43ED5-11BA-43F6-AC2B-F3E354BF29FD}.DVD-5|Any CPU.ActiveCfg = Release|x64
		{CFC43ED5-11BA-43F6-AC2B-F3E354BF29FD}.DVD-5|Any CPU.Build.0 = Release|x64
		{CFC43ED5-11BA-43F6-AC2B-F3E354BF29FD}.DVD-5|ARM.ActiveCfg = Debug|Win32
		{CFC43ED5-11BA-43F6-AC2B-F3E354BF29FD}.DVD-5|ARM.Build.0 = Debug|Win32
		{CFC43ED5-11BA-43F6-AC2B-F3E354BF29FD}.DVD-5|Mixed Platforms.ActiveCfg = Debug|Win32
		{CFC43ED5-11BA-43F6-AC2B-F3E354BF29FD}.DVD-5|Mixed Platforms.Build.0 = Debug|Win32
		{CFC43ED5-11BA-43F6-AC2B-F3E354BF29FD}.DVD-5|Win32.ActiveCfg = Debug|Win32
		{CFC43ED5-11BA-43F6-AC2B-F3E354BF29FD}.DVD-5|Win32.Build.0 = Debug|Win32
		{CFC43ED5-11BA-43F6-AC2B-F3E354BF29FD}.DVD-5|x64.ActiveCfg = Debug|x64
		{CFC43ED5-11BA-43F6-AC2B-F3E354BF29FD}.DVD-5|x64.Build.0 = Debug|x64
		{CFC43ED5-11BA-43F6-AC2B-F3E354BF29FD}.Release|Any CPU.ActiveCfg = Release|Win32
		{CFC43ED5-11BA-43F6-AC2B-F3E354BF29FD}.Release|ARM.ActiveCfg = Release|Win32
		{CFC43ED5-11BA-43F6-AC2B-F3E354BF29FD}.Release|Mixed Platforms.ActiveCfg = Release|Win32
		{CFC43ED5-11BA-43F6-AC2B-F3E354BF29FD}.Release|Mixed Platforms.Build.0 = Release|Win32
		{CFC43ED5-11BA-43F6-AC2B-F3E354BF29FD}.Release|Win32.ActiveCfg = Release|Win32
		{CFC43ED5-11BA-43F6-AC2B-F3E354BF29FD}.Release|Win32.Build.0 = Release|Win32
		{CFC43ED5-11BA-43F6-AC2B-F3E354BF29FD}.Release|x64.ActiveCfg = Release|x64
		{CFC43ED5-11BA-43F6-AC2B-F3E354BF29FD}.Release|x64.Build.0 = Release|x64
		{CFC43ED5-11BA-43F6-AC2B-F3E354BF29FD}.SingleImage|Any CPU.ActiveCfg = Release|x64
		{CFC43ED5-11BA-43F6-AC2B-F3E354BF29FD}.SingleImage|Any CPU.Build.0 = Release|x64
		{CFC43ED5-11BA-43F6-AC2B-F3E354BF29FD}.SingleImage|ARM.ActiveCfg = Debug|Win32
		{CFC43ED5-11BA-43F6-AC2B-F3E354BF29FD}.SingleImage|ARM.Build.0 = Debug|Win32
		{CFC43ED5-11BA-43F6-AC2B-F3E354BF29FD}.SingleImage|Mixed Platforms.ActiveCfg = Release|Win32
		{CFC43ED5-11BA-43F6-AC2B-F3E354BF29FD}.SingleImage|Mixed Platforms.Build.0 = Release|Win32
		{CFC43ED5-11BA-43F6-AC2B-F3E354BF29FD}.SingleImage|Win32.ActiveCfg = Release|Win32
		{CFC43ED5-11BA-43F6-AC2B-F3E354BF29FD}.SingleImage|Win32.Build.0 = Release|Win32
		{CFC43ED5-11BA-43F6-AC2B-F3E354BF29FD}.SingleImage|x64.ActiveCfg = Debug|x64
		{CFC43ED5-11BA-43F6-AC2B-F3E354BF29FD}.SingleImage|x64.Build.0 = Debug|x64
		{1538D703-5A9A-4C65-B1FA-208CFDA8DC90}.CD_ROM|Any CPU.ActiveCfg = Debug|x64
		{1538D703-5A9A-4C65-B1FA-208CFDA8DC90}.CD_ROM|Any CPU.Build.0 = Debug|x64
		{1538D703-5A9A-4C65-B1FA-208CFDA8DC90}.CD_ROM|ARM.ActiveCfg = Release|Win32
		{1538D703-5A9A-4C65-B1FA-208CFDA8DC90}.CD_ROM|ARM.Build.0 = Release|Win32
		{1538D703-5A9A-4C65-B1FA-208CFDA8DC90}.CD_ROM|Mixed Platforms.ActiveCfg = Debug|Win32
		{1538D703-5A9A-4C65-B1FA-208CFDA8DC90}.CD_ROM|Mixed Platforms.Build.0 = Debug|Win32
		{1538D703-5A9A-4C65-B1FA-208CFDA8DC90}.CD_ROM|Win32.ActiveCfg = Debug|Win32
		{1538D703-5A9A-4C65-B1FA-208CFDA8DC90}.CD_ROM|Win32.Build.0 = Debug|Win32
		{1538D703-5A9A-4C65-B1FA-208CFDA8DC90}.CD_ROM|x64.ActiveCfg = Release|x64
		{1538D703-5A9A-4C65-B1FA-208CFDA8DC90}.CD_ROM|x64.Build.0 = Release|x64
		{1538D703-5A9A-4C65-B1FA-208CFDA8DC90}.Compile|Any CPU.ActiveCfg = Debug|x64
		{1538D703-5A9A-4C65-B1FA-208CFDA8DC90}.Compile|Any CPU.Build.0 = Debug|x64
		{1538D703-5A9A-4C65-B1FA-208CFDA8DC90}.Compile|ARM.ActiveCfg = Release|Win32
		{1538D703-5A9A-4C65-B1FA-208CFDA8DC90}.Compile|ARM.Build.0 = Release|Win32
		{1538D703-5A9A-4C65-B1FA-208CFDA8DC90}.Compile|Mixed Platforms.ActiveCfg = Release|Win32
		{1538D703-5A9A-4C65-B1FA-208CFDA8DC90}.Compile|Mixed Platforms.Build.0 = Release|Win32
		{1538D703-5A9A-4C65-B1FA-208CFDA8DC90}.Compile|Win32.ActiveCfg = Release|Win32
		{1538D703-5A9A-4C65-B1FA-208CFDA8DC90}.Compile|Win32.Build.0 = Release|Win32
		{1538D703-5A9A-4C65-B1FA-208CFDA8DC90}.Compile|x64.ActiveCfg = Release|Win32
		{1538D703-5A9A-4C65-B1FA-208CFDA8DC90}.Debug|Any CPU.ActiveCfg = Debug|Win32
		{1538D703-5A9A-4C65-B1FA-208CFDA8DC90}.Debug|ARM.ActiveCfg = Debug|Win32
		{1538D703-5A9A-4C65-B1FA-208CFDA8DC90}.Debug|Mixed Platforms.ActiveCfg = Debug|Win32
		{1538D703-5A9A-4C65-B1FA-208CFDA8DC90}.Debug|Mixed Platforms.Build.0 = Debug|Win32
		{1538D703-5A9A-4C65-B1FA-208CFDA8DC90}.Debug|Win32.ActiveCfg = Debug|Win32
		{1538D703-5A9A-4C65-B1FA-208CFDA8DC90}.Debug|Win32.Build.0 = Debug|Win32
		{1538D703-5A9A-4C65-B1FA-208CFDA8DC90}.Debug|x64.ActiveCfg = Debug|x64
		{1538D703-5A9A-4C65-B1FA-208CFDA8DC90}.Debug|x64.Build.0 = Debug|x64
		{1538D703-5A9A-4C65-B1FA-208CFDA8DC90}.DVD-5|Any CPU.ActiveCfg = Debug|x64
		{1538D703-5A9A-4C65-B1FA-208CFDA8DC90}.DVD-5|Any CPU.Build.0 = Debug|x64
		{1538D703-5A9A-4C65-B1FA-208CFDA8DC90}.DVD-5|ARM.ActiveCfg = Release|Win32
		{1538D703-5A9A-4C65-B1FA-208CFDA8DC90}.DVD-5|ARM.Build.0 = Release|Win32
		{1538D703-5A9A-4C65-B1FA-208CFDA8DC90}.DVD-5|Mixed Platforms.ActiveCfg = Debug|Win32
		{1538D703-5A9A-4C65-B1FA-208CFDA8DC90}.DVD-5|Mixed Platforms.Build.0 = Debug|Win32
		{1538D703-5A9A-4C65-B1FA-208CFDA8DC90}.DVD-5|Win32.ActiveCfg = Debug|Win32
		{1538D703-5A9A-4C65-B1FA-208CFDA8DC90}.DVD-5|Win32.Build.0 = Debug|Win32
		{1538D703-5A9A-4C65-B1FA-208CFDA8DC90}.DVD-5|x64.ActiveCfg = Debug|x64
		{1538D703-5A9A-4C65-B1FA-208CFDA8DC90}.DVD-5|x64.Build.0 = Debug|x64
		{1538D703-5A9A-4C65-B1FA-208CFDA8DC90}.Release|Any CPU.ActiveCfg = Release|Win32
		{1538D703-5A9A-4C65-B1FA-208CFDA8DC90}.Release|ARM.ActiveCfg = Release|Win32
		{1538D703-5A9A-4C65-B1FA-208CFDA8DC90}.Release|Mixed Platforms.ActiveCfg = Release|Win32
		{1538D703-5A9A-4C65-B1FA-208CFDA8DC90}.Release|Mixed Platforms.Build.0 = Release|Win32
		{1538D703-5A9A-4C65-B1FA-208CFDA8DC90}.Release|Win32.ActiveCfg = Release|Win32
		{1538D703-5A9A-4C65-B1FA-208CFDA8DC90}.Release|Win32.Build.0 = Release|Win32
		{1538D703-5A9A-4C65-B1FA-208CFDA8DC90}.Release|x64.ActiveCfg = Release|x64
		{1538D703-5A9A-4C65-B1FA-208CFDA8DC90}.Release|x64.Build.0 = Release|x64
		{1538D703-5A9A-4C65-B1FA-208CFDA8DC90}.SingleImage|Any CPU.ActiveCfg = Debug|x64
		{1538D703-5A9A-4C65-B1FA-208CFDA8DC90}.SingleImage|Any CPU.Build.0 = Debug|x64
		{1538D703-5A9A-4C65-B1FA-208CFDA8DC90}.SingleImage|ARM.ActiveCfg = Release|Win32
		{1538D703-5A9A-4C65-B1FA-208CFDA8DC90}.SingleImage|ARM.Build.0 = Release|Win32
		{1538D703-5A9A-4C65-B1FA-208CFDA8DC90}.SingleImage|Mixed Platforms.ActiveCfg = Debug|Win32
		{1538D703-5A9A-4C65-B1FA-208CFDA8DC90}.SingleImage|Mixed Platforms.Build.0 = Debug|Win32
		{1538D703-5A9A-4C65-B1FA-208CFDA8DC90}.SingleImage|Win32.ActiveCfg = Debug|Win32
		{1538D703-5A9A-4C65-B1FA-208CFDA8DC90}.SingleImage|Win32.Build.0 = Debug|Win32
		{1538D703-5A9A-4C65-B1FA-208CFDA8DC90}.SingleImage|x64.ActiveCfg = Release|x64
		{1538D703-5A9A-4C65-B1FA-208CFDA8DC90}.SingleImage|x64.Build.0 = Release|x64
		{C47FE7FE-F475-4963-A570-C329708B33C1}.CD_ROM|Any CPU.ActiveCfg = Release|x64
		{C47FE7FE-F475-4963-A570-C329708B33C1}.CD_ROM|Any CPU.Build.0 = Release|x64
		{C47FE7FE-F475-4963-A570-C329708B33C1}.CD_ROM|ARM.ActiveCfg = Release|Win32
		{C47FE7FE-F475-4963-A570-C329708B33C1}.CD_ROM|ARM.Build.0 = Release|Win32
		{C47FE7FE-F475-4963-A570-C329708B33C1}.CD_ROM|Mixed Platforms.ActiveCfg = Debug|Win32
		{C47FE7FE-F475-4963-A570-C329708B33C1}.CD_ROM|Win32.ActiveCfg = Debug|Win32
		{C47FE7FE-F475-4963-A570-C329708B33C1}.CD_ROM|x64.ActiveCfg = Debug|x64
		{C47FE7FE-F475-4963-A570-C329708B33C1}.Compile|Any CPU.ActiveCfg = Release|x64
		{C47FE7FE-F475-4963-A570-C329708B33C1}.Compile|Any CPU.Build.0 = Release|x64
		{C47FE7FE-F475-4963-A570-C329708B33C1}.Compile|ARM.ActiveCfg = Release|Win32
		{C47FE7FE-F475-4963-A570-C329708B33C1}.Compile|ARM.Build.0 = Release|Win32
		{C47FE7FE-F475-4963-A570-C329708B33C1}.Compile|Mixed Platforms.ActiveCfg = Release|Win32
		{C47FE7FE-F475-4963-A570-C329708B33C1}.Compile|Mixed Platforms.Build.0 = Release|Win32
		{C47FE7FE-F475-4963-A570-C329708B33C1}.Compile|Win32.ActiveCfg = Release|Win32
		{C47FE7FE-F475-4963-A570-C329708B33C1}.Compile|Win32.Build.0 = Release|Win32
		{C47FE7FE-F475-4963-A570-C329708B33C1}.Compile|x64.ActiveCfg = Release|x64
		{C47FE7FE-F475-4963-A570-C329708B33C1}.Compile|x64.Build.0 = Release|x64
		{C47FE7FE-F475-4963-A570-C329708B33C1}.Debug|Any CPU.ActiveCfg = Debug|Win32
		{C47FE7FE-F475-4963-A570-C329708B33C1}.Debug|ARM.ActiveCfg = Debug|Win32
		{C47FE7FE-F475-4963-A570-C329708B33C1}.Debug|Mixed Platforms.ActiveCfg = Debug|Win32
		{C47FE7FE-F475-4963-A570-C329708B33C1}.Debug|Mixed Platforms.Build.0 = Debug|Win32
		{C47FE7FE-F475-4963-A570-C329708B33C1}.Debug|Win32.ActiveCfg = Debug|Win32
		{C47FE7FE-F475-4963-A570-C329708B33C1}.Debug|Win32.Build.0 = Debug|Win32
		{C47FE7FE-F475-4963-A570-C329708B33C1}.Debug|x64.ActiveCfg = Debug|x64
		{C47FE7FE-F475-4963-A570-C329708B33C1}.Debug|x64.Build.0 = Debug|x64
		{C47FE7FE-F475-4963-A570-C329708B33C1}.DVD-5|Any CPU.ActiveCfg = Release|x64
		{C47FE7FE-F475-4963-A570-C329708B33C1}.DVD-5|Any CPU.Build.0 = Release|x64
		{C47FE7FE-F475-4963-A570-C329708B33C1}.DVD-5|ARM.ActiveCfg = Release|Win32
		{C47FE7FE-F475-4963-A570-C329708B33C1}.DVD-5|ARM.Build.0 = Release|Win32
		{C47FE7FE-F475-4963-A570-C329708B33C1}.DVD-5|Mixed Platforms.ActiveCfg = Debug|Win32
		{C47FE7FE-F475-4963-A570-C329708B33C1}.DVD-5|Win32.ActiveCfg = Debug|Win32
		{C47FE7FE-F475-4963-A570-C329708B33C1}.DVD-5|x64.ActiveCfg = Debug|x64
		{C47FE7FE-F475-4963-A570-C329708B33C1}.Release|Any CPU.ActiveCfg = Release|Win32
		{C47FE7FE-F475-4963-A570-C329708B33C1}.Release|ARM.ActiveCfg = Release|Win32
		{C47FE7FE-F475-4963-A570-C329708B33C1}.Release|Mixed Platforms.ActiveCfg = Release|Win32
		{C47FE7FE-F475-4963-A570-C329708B33C1}.Release|Mixed Platforms.Build.0 = Release|Win32
		{C47FE7FE-F475-4963-A570-C329708B33C1}.Release|Win32.ActiveCfg = Release|Win32
		{C47FE7FE-F475-4963-A570-C329708B33C1}.Release|Win32.Build.0 = Release|Win32
		{C47FE7FE-F475-4963-A570-C329708B33C1}.Release|x64.ActiveCfg = Release|x64
		{C47FE7FE-F475-4963-A570-C329708B33C1}.Release|x64.Build.0 = Release|x64
		{C47FE7FE-F475-4963-A570-C329708B33C1}.SingleImage|Any CPU.ActiveCfg = Release|x64
		{C47FE7FE-F475-4963-A570-C329708B33C1}.SingleImage|Any CPU.Build.0 = Release|x64
		{C47FE7FE-F475-4963-A570-C329708B33C1}.SingleImage|ARM.ActiveCfg = Release|Win32
		{C47FE7FE-F475-4963-A570-C329708B33C1}.SingleImage|ARM.Build.0 = Release|Win32
		{C47FE7FE-F475-4963-A570-C329708B33C1}.SingleImage|Mixed Platforms.ActiveCfg = Debug|Win32
		{C47FE7FE-F475-4963-A570-C329708B33C1}.SingleImage|Win32.ActiveCfg = Debug|Win32
		{C47FE7FE-F475-4963-A570-C329708B33C1}.SingleImage|x64.ActiveCfg = Debug|x64
		{1D5AAFC3-EA6A-4035-81AF-002D00894D3E}.CD_ROM|Any CPU.ActiveCfg = Release|x64
		{1D5AAFC3-EA6A-4035-81AF-002D00894D3E}.CD_ROM|Any CPU.Build.0 = Release|x64
		{1D5AAFC3-EA6A-4035-81AF-002D00894D3E}.CD_ROM|ARM.ActiveCfg = Release|Win32
		{1D5AAFC3-EA6A-4035-81AF-002D00894D3E}.CD_ROM|ARM.Build.0 = Release|Win32
		{1D5AAFC3-EA6A-4035-81AF-002D00894D3E}.CD_ROM|Mixed Platforms.ActiveCfg = Debug|Win32
		{1D5AAFC3-EA6A-4035-81AF-002D00894D3E}.CD_ROM|Mixed Platforms.Build.0 = Debug|Win32
		{1D5AAFC3-EA6A-4035-81AF-002D00894D3E}.CD_ROM|Win32.ActiveCfg = Debug|Win32
		{1D5AAFC3-EA6A-4035-81AF-002D00894D3E}.CD_ROM|Win32.Build.0 = Debug|Win32
		{1D5AAFC3-EA6A-4035-81AF-002D00894D3E}.CD_ROM|x64.ActiveCfg = Debug|x64
		{1D5AAFC3-EA6A-4035-81AF-002D00894D3E}.CD_ROM|x64.Build.0 = Debug|x64
		{1D5AAFC3-EA6A-4035-81AF-002D00894D3E}.Compile|Any CPU.ActiveCfg = Release|x64
		{1D5AAFC3-EA6A-4035-81AF-002D00894D3E}.Compile|Any CPU.Build.0 = Release|x64
		{1D5AAFC3-EA6A-4035-81AF-002D00894D3E}.Compile|ARM.ActiveCfg = Release|Win32
		{1D5AAFC3-EA6A-4035-81AF-002D00894D3E}.Compile|ARM.Build.0 = Release|Win32
		{1D5AAFC3-EA6A-4035-81AF-002D00894D3E}.Compile|Mixed Platforms.ActiveCfg = Release|Win32
		{1D5AAFC3-EA6A-4035-81AF-002D00894D3E}.Compile|Mixed Platforms.Build.0 = Release|Win32
		{1D5AAFC3-EA6A-4035-81AF-002D00894D3E}.Compile|Win32.ActiveCfg = Release|Win32
		{1D5AAFC3-EA6A-4035-81AF-002D00894D3E}.Compile|Win32.Build.0 = Release|Win32
		{1D5AAFC3-EA6A-4035-81AF-002D00894D3E}.Compile|x64.ActiveCfg = Release|x64
		{1D5AAFC3-EA6A-4035-81AF-002D00894D3E}.Compile|x64.Build.0 = Release|x64
		{1D5AAFC3-EA6A-4035-81AF-002D00894D3E}.Debug|Any CPU.ActiveCfg = Debug|Win32
		{1D5AAFC3-EA6A-4035-81AF-002D00894D3E}.Debug|ARM.ActiveCfg = Debug|Win32
		{1D5AAFC3-EA6A-4035-81AF-002D00894D3E}.Debug|Mixed Platforms.ActiveCfg = Debug|Win32
		{1D5AAFC3-EA6A-4035-81AF-002D00894D3E}.Debug|Mixed Platforms.Build.0 = Debug|Win32
		{1D5AAFC3-EA6A-4035-81AF-002D00894D3E}.Debug|Win32.ActiveCfg = Debug|Win32
		{1D5AAFC3-EA6A-4035-81AF-002D00894D3E}.Debug|Win32.Build.0 = Debug|Win32
		{1D5AAFC3-EA6A-4035-81AF-002D00894D3E}.Debug|x64.ActiveCfg = Debug|x64
		{1D5AAFC3-EA6A-4035-81AF-002D00894D3E}.Debug|x64.Build.0 = Debug|x64
		{1D5AAFC3-EA6A-4035-81AF-002D00894D3E}.DVD-5|Any CPU.ActiveCfg = Release|x64
		{1D5AAFC3-EA6A-4035-81AF-002D00894D3E}.DVD-5|Any CPU.Build.0 = Release|x64
		{1D5AAFC3-EA6A-4035-81AF-002D00894D3E}.DVD-5|ARM.ActiveCfg = Release|Win32
		{1D5AAFC3-EA6A-4035-81AF-002D00894D3E}.DVD-5|ARM.Build.0 = Release|Win32
		{1D5AAFC3-EA6A-4035-81AF-002D00894D3E}.DVD-5|Mixed Platforms.ActiveCfg = Debug|Win32
		{1D5AAFC3-EA6A-4035-81AF-002D00894D3E}.DVD-5|Mixed Platforms.Build.0 = Debug|Win32
		{1D5AAFC3-EA6A-4035-81AF-002D00894D3E}.DVD-5|Win32.ActiveCfg = Debug|Win32
		{1D5AAFC3-EA6A-4035-81AF-002D00894D3E}.DVD-5|Win32.Build.0 = Debug|Win32
		{1D5AAFC3-EA6A-4035-81AF-002D00894D3E}.DVD-5|x64.ActiveCfg = Debug|x64
		{1D5AAFC3-EA6A-4035-81AF-002D00894D3E}.DVD-5|x64.Build.0 = Debug|x64
		{1D5AAFC3-EA6A-4035-81AF-002D00894D3E}.Release|Any CPU.ActiveCfg = Release|Win32
		{1D5AAFC3-EA6A-4035-81AF-002D00894D3E}.Release|ARM.ActiveCfg = Release|Win32
		{1D5AAFC3-EA6A-4035-81AF-002D00894D3E}.Release|Mixed Platforms.ActiveCfg = Release|Win32
		{1D5AAFC3-EA6A-4035-81AF-002D00894D3E}.Release|Mixed Platforms.Build.0 = Release|Win32
		{1D5AAFC3-EA6A-4035-81AF-002D00894D3E}.Release|Win32.ActiveCfg = Release|Win32
		{1D5AAFC3-EA6A-4035-81AF-002D00894D3E}.Release|Win32.Build.0 = Release|Win32
		{1D5AAFC3-EA6A-4035-81AF-002D00894D3E}.Release|x64.ActiveCfg = Release|x64
		{1D5AAFC3-EA6A-4035-81AF-002D00894D3E}.Release|x64.Build.0 = Release|x64
		{1D5AAFC3-EA6A-4035-81AF-002D00894D3E}.SingleImage|Any CPU.ActiveCfg = Release|x64
		{1D5AAFC3-EA6A-4035-81AF-002D00894D3E}.SingleImage|Any CPU.Build.0 = Release|x64
		{1D5AAFC3-EA6A-4035-81AF-002D00894D3E}.SingleImage|ARM.ActiveCfg = Release|Win32
		{1D5AAFC3-EA6A-4035-81AF-002D00894D3E}.SingleImage|ARM.Build.0 = Release|Win32
		{1D5AAFC3-EA6A-4035-81AF-002D00894D3E}.SingleImage|Mixed Platforms.ActiveCfg = Debug|Win32
		{1D5AAFC3-EA6A-4035-81AF-002D00894D3E}.SingleImage|Mixed Platforms.Build.0 = Debug|Win32
		{1D5AAFC3-EA6A-4035-81AF-002D00894D3E}.SingleImage|Win32.ActiveCfg = Debug|Win32
		{1D5AAFC3-EA6A-4035-81AF-002D00894D3E}.SingleImage|Win32.Build.0 = Debug|Win32
		{1D5AAFC3-EA6A-4035-81AF-002D00894D3E}.SingleImage|x64.ActiveCfg = Debug|x64
		{1D5AAFC3-EA6A-4035-81AF-002D00894D3E}.SingleImage|x64.Build.0 = Debug|x64
		{6C8FC2DC-53D3-4266-AEE5-06F6FBCB29A8}.CD_ROM|Any CPU.ActiveCfg = Release|x64
		{6C8FC2DC-53D3-4266-AEE5-06F6FBCB29A8}.CD_ROM|Any CPU.Build.0 = Release|x64
		{6C8FC2DC-53D3-4266-AEE5-06F6FBCB29A8}.CD_ROM|ARM.ActiveCfg = Release|Win32
		{6C8FC2DC-53D3-4266-AEE5-06F6FBCB29A8}.CD_ROM|ARM.Build.0 = Release|Win32
		{6C8FC2DC-53D3-4266-AEE5-06F6FBCB29A8}.CD_ROM|Mixed Platforms.ActiveCfg = Debug|Win32
		{6C8FC2DC-53D3-4266-AEE5-06F6FBCB29A8}.CD_ROM|Mixed Platforms.Build.0 = Debug|Win32
		{6C8FC2DC-53D3-4266-AEE5-06F6FBCB29A8}.CD_ROM|Win32.ActiveCfg = Debug|Win32
		{6C8FC2DC-53D3-4266-AEE5-06F6FBCB29A8}.CD_ROM|Win32.Build.0 = Debug|Win32
		{6C8FC2DC-53D3-4266-AEE5-06F6FBCB29A8}.CD_ROM|x64.ActiveCfg = Debug|x64
		{6C8FC2DC-53D3-4266-AEE5-06F6FBCB29A8}.CD_ROM|x64.Build.0 = Debug|x64
		{6C8FC2DC-53D3-4266-AEE5-06F6FBCB29A8}.Compile|Any CPU.ActiveCfg = Release|x64
		{6C8FC2DC-53D3-4266-AEE5-06F6FBCB29A8}.Compile|Any CPU.Build.0 = Release|x64
		{6C8FC2DC-53D3-4266-AEE5-06F6FBCB29A8}.Compile|ARM.ActiveCfg = Release|Win32
		{6C8FC2DC-53D3-4266-AEE5-06F6FBCB29A8}.Compile|ARM.Build.0 = Release|Win32
		{6C8FC2DC-53D3-4266-AEE5-06F6FBCB29A8}.Compile|Mixed Platforms.ActiveCfg = Release|Win32
		{6C8FC2DC-53D3-4266-AEE5-06F6FBCB29A8}.Compile|Mixed Platforms.Build.0 = Release|Win32
		{6C8FC2DC-53D3-4266-AEE5-06F6FBCB29A8}.Compile|Win32.ActiveCfg = Release|Win32
		{6C8FC2DC-53D3-4266-AEE5-06F6FBCB29A8}.Compile|Win32.Build.0 = Release|Win32
		{6C8FC2DC-53D3-4266-AEE5-06F6FBCB29A8}.Compile|x64.ActiveCfg = Release|x64
		{6C8FC2DC-53D3-4266-AEE5-06F6FBCB29A8}.Compile|x64.Build.0 = Release|x64
		{6C8FC2DC-53D3-4266-AEE5-06F6FBCB29A8}.Debug|Any CPU.ActiveCfg = Debug|Win32
		{6C8FC2DC-53D3-4266-AEE5-06F6FBCB29A8}.Debug|ARM.ActiveCfg = Debug|Win32
		{6C8FC2DC-53D3-4266-AEE5-06F6FBCB29A8}.Debug|Mixed Platforms.ActiveCfg = Debug|Win32
		{6C8FC2DC-53D3-4266-AEE5-06F6FBCB29A8}.Debug|Mixed Platforms.Build.0 = Debug|Win32
		{6C8FC2DC-53D3-4266-AEE5-06F6FBCB29A8}.Debug|Win32.ActiveCfg = Debug|Win32
		{6C8FC2DC-53D3-4266-AEE5-06F6FBCB29A8}.Debug|Win32.Build.0 = Debug|Win32
		{6C8FC2DC-53D3-4266-AEE5-06F6FBCB29A8}.Debug|x64.ActiveCfg = Debug|x64
		{6C8FC2DC-53D3-4266-AEE5-06F6FBCB29A8}.Debug|x64.Build.0 = Debug|x64
		{6C8FC2DC-53D3-4266-AEE5-06F6FBCB29A8}.DVD-5|Any CPU.ActiveCfg = Release|x64
		{6C8FC2DC-53D3-4266-AEE5-06F6FBCB29A8}.DVD-5|Any CPU.Build.0 = Release|x64
		{6C8FC2DC-53D3-4266-AEE5-06F6FBCB29A8}.DVD-5|ARM.ActiveCfg = Release|Win32
		{6C8FC2DC-53D3-4266-AEE5-06F6FBCB29A8}.DVD-5|ARM.Build.0 = Release|Win32
		{6C8FC2DC-53D3-4266-AEE5-06F6FBCB29A8}.DVD-5|Mixed Platforms.ActiveCfg = Debug|Win32
		{6C8FC2DC-53D3-4266-AEE5-06F6FBCB29A8}.DVD-5|Mixed Platforms.Build.0 = Debug|Win32
		{6C8FC2DC-53D3-4266-AEE5-06F6FBCB29A8}.DVD-5|Win32.ActiveCfg = Debug|Win32
		{6C8FC2DC-53D3-4266-AEE5-06F6FBCB29A8}.DVD-5|Win32.Build.0 = Debug|Win32
		{6C8FC2DC-53D3-4266-AEE5-06F6FBCB29A8}.DVD-5|x64.ActiveCfg = Debug|x64
		{6C8FC2DC-53D3-4266-AEE5-06F6FBCB29A8}.DVD-5|x64.Build.0 = Debug|x64
		{6C8FC2DC-53D3-4266-AEE5-06F6FBCB29A8}.Release|Any CPU.ActiveCfg = Release|Win32
		{6C8FC2DC-53D3-4266-AEE5-06F6FBCB29A8}.Release|ARM.ActiveCfg = Release|Win32
		{6C8FC2DC-53D3-4266-AEE5-06F6FBCB29A8}.Release|Mixed Platforms.ActiveCfg = Release|Win32
		{6C8FC2DC-53D3-4266-AEE5-06F6FBCB29A8}.Release|Mixed Platforms.Build.0 = Release|Win32
		{6C8FC2DC-53D3-4266-AEE5-06F6FBCB29A8}.Release|Win32.ActiveCfg = Release|Win32
		{6C8FC2DC-53D3-4266-AEE5-06F6FBCB29A8}.Release|Win32.Build.0 = Release|Win32
		{6C8FC2DC-53D3-4266-AEE5-06F6FBCB29A8}.Release|x64.ActiveCfg = Release|x64
		{6C8FC2DC-53D3-4266-AEE5-06F6FBCB29A8}.Release|x64.Build.0 = Release|x64
		{6C8FC2DC-53D3-4266-AEE5-06F6FBCB29A8}.SingleImage|Any CPU.ActiveCfg = Release|x64
		{6C8FC2DC-53D3-4266-AEE5-06F6FBCB29A8}.SingleImage|Any CPU.Build.0 = Release|x64
		{6C8FC2DC-53D3-4266-AEE5-06F6FBCB29A8}.SingleImage|ARM.ActiveCfg = Release|Win32
		{6C8FC2DC-53D3-4266-AEE5-06F6FBCB29A8}.SingleImage|ARM.Build.0 = Release|Win32
		{6C8FC2DC-53D3-4266-AEE5-06F6FBCB29A8}.SingleImage|Mixed Platforms.ActiveCfg = Debug|Win32
		{6C8FC2DC-53D3-4266-AEE5-06F6FBCB29A8}.SingleImage|Mixed Platforms.Build.0 = Debug|Win32
		{6C8FC2DC-53D3-4266-AEE5-06F6FBCB29A8}.SingleImage|Win32.ActiveCfg = Debug|Win32
		{6C8FC2DC-53D3-4266-AEE5-06F6FBCB29A8}.SingleImage|Win32.Build.0 = Debug|Win32
		{6C8FC2DC-53D3-4266-AEE5-06F6FBCB29A8}.SingleImage|x64.ActiveCfg = Debug|x64
		{6C8FC2DC-53D3-4266-AEE5-06F6FBCB29A8}.SingleImage|x64.Build.0 = Debug|x64
		{B34A3B1F-EDC5-47C6-BEB5-1BA8A3E9C1F5}.CD_ROM|Any CPU.ActiveCfg = Release|x64
		{B34A3B1F-EDC5-47C6-BEB5-1BA8A3E9C1F5}.CD_ROM|Any CPU.Build.0 = Release|x64
		{B34A3B1F-EDC5-47C6-BEB5-1BA8A3E9C1F5}.CD_ROM|ARM.ActiveCfg = Release|Win32
		{B34A3B1F-EDC5-47C6-BEB5-1BA8A3E9C1F5}.CD_ROM|ARM.Build.0 = Release|Win32
		{B34A3B1F-EDC5-47C6-BEB5-1BA8A3E9C1F5}.CD_ROM|Mixed Platforms.ActiveCfg = Debug|Win32
		{B34A3B1F-EDC5-47C6-BEB5-1BA8A3E9C1F5}.CD_ROM|Mixed Platforms.Build.0 = Debug|Win32
		{B34A3B1F-EDC5-47C6-BEB5-1BA8A3E9C1F5}.CD_ROM|Win32.ActiveCfg = Debug|Win32
		{B34A3B1F-EDC5-47C6-BEB5-1BA8A3E9C1F5}.CD_ROM|Win32.Build.0 = Debug|Win32
		{B34A3B1F-EDC5-47C6-BEB5-1BA8A3E9C1F5}.CD_ROM|x64.ActiveCfg = Debug|x64
		{B34A3B1F-EDC5-47C6-BEB5-1BA8A3E9C1F5}.CD_ROM|x64.Build.0 = Debug|x64
		{B34A3B1F-EDC5-47C6-BEB5-1BA8A3E9C1F5}.Compile|Any CPU.ActiveCfg = Release|x64
		{B34A3B1F-EDC5-47C6-BEB5-1BA8A3E9C1F5}.Compile|Any CPU.Build.0 = Release|x64
		{B34A3B1F-EDC5-47C6-BEB5-1BA8A3E9C1F5}.Compile|ARM.ActiveCfg = Release|Win32
		{B34A3B1F-EDC5-47C6-BEB5-1BA8A3E9C1F5}.Compile|ARM.Build.0 = Release|Win32
		{B34A3B1F-EDC5-47C6-BEB5-1BA8A3E9C1F5}.Compile|Mixed Platforms.ActiveCfg = Release|Win32
		{B34A3B1F-EDC5-47C6-BEB5-1BA8A3E9C1F5}.Compile|Mixed Platforms.Build.0 = Release|Win32
		{B34A3B1F-EDC5-47C6-BEB5-1BA8A3E9C1F5}.Compile|Win32.ActiveCfg = Release|Win32
		{B34A3B1F-EDC5-47C6-BEB5-1BA8A3E9C1F5}.Compile|Win32.Build.0 = Release|Win32
		{B34A3B1F-EDC5-47C6-BEB5-1BA8A3E9C1F5}.Compile|x64.ActiveCfg = Release|x64
		{B34A3B1F-EDC5-47C6-BEB5-1BA8A3E9C1F5}.Compile|x64.Build.0 = Release|x64
		{B34A3B1F-EDC5-47C6-BEB5-1BA8A3E9C1F5}.Debug|Any CPU.ActiveCfg = Debug|Win32
		{B34A3B1F-EDC5-47C6-BEB5-1BA8A3E9C1F5}.Debug|ARM.ActiveCfg = Debug|Win32
		{B34A3B1F-EDC5-47C6-BEB5-1BA8A3E9C1F5}.Debug|Mixed Platforms.ActiveCfg = Debug|Win32
		{B34A3B1F-EDC5-47C6-BEB5-1BA8A3E9C1F5}.Debug|Mixed Platforms.Build.0 = Debug|Win32
		{B34A3B1F-EDC5-47C6-BEB5-1BA8A3E9C1F5}.Debug|Win32.ActiveCfg = Debug|Win32
		{B34A3B1F-EDC5-47C6-BEB5-1BA8A3E9C1F5}.Debug|Win32.Build.0 = Debug|Win32
		{B34A3B1F-EDC5-47C6-BEB5-1BA8A3E9C1F5}.Debug|x64.ActiveCfg = Debug|x64
		{B34A3B1F-EDC5-47C6-BEB5-1BA8A3E9C1F5}.Debug|x64.Build.0 = Debug|x64
		{B34A3B1F-EDC5-47C6-BEB5-1BA8A3E9C1F5}.DVD-5|Any CPU.ActiveCfg = Release|x64
		{B34A3B1F-EDC5-47C6-BEB5-1BA8A3E9C1F5}.DVD-5|Any CPU.Build.0 = Release|x64
		{B34A3B1F-EDC5-47C6-BEB5-1BA8A3E9C1F5}.DVD-5|ARM.ActiveCfg = Release|Win32
		{B34A3B1F-EDC5-47C6-BEB5-1BA8A3E9C1F5}.DVD-5|ARM.Build.0 = Release|Win32
		{B34A3B1F-EDC5-47C6-BEB5-1BA8A3E9C1F5}.DVD-5|Mixed Platforms.ActiveCfg = Debug|Win32
		{B34A3B1F-EDC5-47C6-BEB5-1BA8A3E9C1F5}.DVD-5|Mixed Platforms.Build.0 = Debug|Win32
		{B34A3B1F-EDC5-47C6-BEB5-1BA8A3E9C1F5}.DVD-5|Win32.ActiveCfg = Debug|Win32
		{B34A3B1F-EDC5-47C6-BEB5-1BA8A3E9C1F5}.DVD-5|Win32.Build.0 = Debug|Win32
		{B34A3B1F-EDC5-47C6-BEB5-1BA8A3E9C1F5}.DVD-5|x64.ActiveCfg = Debug|x64
		{B34A3B1F-EDC5-47C6-BEB5-1BA8A3E9C1F5}.DVD-5|x64.Build.0 = Debug|x64
		{B34A3B1F-EDC5-47C6-BEB5-1BA8A3E9C1F5}.Release|Any CPU.ActiveCfg = Release|Win32
		{B34A3B1F-EDC5-47C6-BEB5-1BA8A3E9C1F5}.Release|ARM.ActiveCfg = Release|Win32
		{B34A3B1F-EDC5-47C6-BEB5-1BA8A3E9C1F5}.Release|Mixed Platforms.ActiveCfg = Release|Win32
		{B34A3B1F-EDC5-47C6-BEB5-1BA8A3E9C1F5}.Release|Mixed Platforms.Build.0 = Release|Win32
		{B34A3B1F-EDC5-47C6-BEB5-1BA8A3E9C1F5}.Release|Win32.ActiveCfg = Release|Win32
		{B34A3B1F-EDC5-47C6-BEB5-1BA8A3E9C1F5}.Release|Win32.Build.0 = Release|Win32
		{B34A3B1F-EDC5-47C6-BEB5-1BA8A3E9C1F5}.Release|x64.ActiveCfg = Release|x64
		{B34A3B1F-EDC5-47C6-BEB5-1BA8A3E9C1F5}.Release|x64.Build.0 = Release|x64
		{B34A3B1F-EDC5-47C6-BEB5-1BA8A3E9C1F5}.SingleImage|Any CPU.ActiveCfg = Release|x64
		{B34A3B1F-EDC5-47C6-BEB5-1BA8A3E9C1F5}.SingleImage|Any CPU.Build.0 = Release|x64
		{B34A3B1F-EDC5-47C6-BEB5-1BA8A3E9C1F5}.SingleImage|ARM.ActiveCfg = Release|Win32
		{B34A3B1F-EDC5-47C6-BEB5-1BA8A3E9C1F5}.SingleImage|ARM.Build.0 = Release|Win32
		{B34A3B1F-EDC5-47C6-BEB5-1BA8A3E9C1F5}.SingleImage|Mixed Platforms.ActiveCfg = Debug|Win32
		{B34A3B1F-EDC5-47C6-BEB5-1BA8A3E9C1F5}.SingleImage|Mixed Platforms.Build.0 = Debug|Win32
		{B34A3B1F-EDC5-47C6-BEB5-1BA8A3E9C1F5}.SingleImage|Win32.ActiveCfg = Debug|Win32
		{B34A3B1F-EDC5-47C6-BEB5-1BA8A3E9C1F5}.SingleImage|Win32.Build.0 = Debug|Win32
		{B34A3B1F-EDC5-47C6-BEB5-1BA8A3E9C1F5}.SingleImage|x64.ActiveCfg = Debug|x64
		{B34A3B1F-EDC5-47C6-BEB5-1BA8A3E9C1F5}.SingleImage|x64.Build.0 = Debug|x64
		{DA2CC425-D02A-41DF-8772-AD45EBF7A7F0}.CD_ROM|Any CPU.ActiveCfg = CD_ROM
		{DA2CC425-D02A-41DF-8772-AD45EBF7A7F0}.CD_ROM|ARM.ActiveCfg = CD_ROM
		{DA2CC425-D02A-41DF-8772-AD45EBF7A7F0}.CD_ROM|Mixed Platforms.ActiveCfg = CD_ROM
		{DA2CC425-D02A-41DF-8772-AD45EBF7A7F0}.CD_ROM|Mixed Platforms.Build.0 = CD_ROM
		{DA2CC425-D02A-41DF-8772-AD45EBF7A7F0}.CD_ROM|Win32.ActiveCfg = CD_ROM
		{DA2CC425-D02A-41DF-8772-AD45EBF7A7F0}.CD_ROM|Win32.Build.0 = CD_ROM
		{DA2CC425-D02A-41DF-8772-AD45EBF7A7F0}.CD_ROM|x64.ActiveCfg = CD_ROM
		{DA2CC425-D02A-41DF-8772-AD45EBF7A7F0}.CD_ROM|x64.Build.0 = CD_ROM
		{DA2CC425-D02A-41DF-8772-AD45EBF7A7F0}.Compile|Any CPU.ActiveCfg = CD_ROM
		{DA2CC425-D02A-41DF-8772-AD45EBF7A7F0}.Compile|ARM.ActiveCfg = CD_ROM
		{DA2CC425-D02A-41DF-8772-AD45EBF7A7F0}.Compile|Mixed Platforms.ActiveCfg = CD_ROM
		{DA2CC425-D02A-41DF-8772-AD45EBF7A7F0}.Compile|Mixed Platforms.Build.0 = CD_ROM
		{DA2CC425-D02A-41DF-8772-AD45EBF7A7F0}.Compile|Win32.ActiveCfg = CD_ROM
		{DA2CC425-D02A-41DF-8772-AD45EBF7A7F0}.Compile|Win32.Build.0 = CD_ROM
		{DA2CC425-D02A-41DF-8772-AD45EBF7A7F0}.Compile|x64.ActiveCfg = CD_ROM
		{DA2CC425-D02A-41DF-8772-AD45EBF7A7F0}.Compile|x64.Build.0 = CD_ROM
		{DA2CC425-D02A-41DF-8772-AD45EBF7A7F0}.Debug|Any CPU.ActiveCfg = DVD-5
		{DA2CC425-D02A-41DF-8772-AD45EBF7A7F0}.Debug|ARM.ActiveCfg = DVD-5
		{DA2CC425-D02A-41DF-8772-AD45EBF7A7F0}.Debug|Mixed Platforms.ActiveCfg = DVD-5
		{DA2CC425-D02A-41DF-8772-AD45EBF7A7F0}.Debug|Mixed Platforms.Build.0 = DVD-5
		{DA2CC425-D02A-41DF-8772-AD45EBF7A7F0}.Debug|Win32.ActiveCfg = DVD-5
		{DA2CC425-D02A-41DF-8772-AD45EBF7A7F0}.Debug|Win32.Build.0 = DVD-5
		{DA2CC425-D02A-41DF-8772-AD45EBF7A7F0}.Debug|x64.ActiveCfg = DVD-5
		{DA2CC425-D02A-41DF-8772-AD45EBF7A7F0}.Debug|x64.Build.0 = DVD-5
		{DA2CC425-D02A-41DF-8772-AD45EBF7A7F0}.DVD-5|Any CPU.ActiveCfg = DVD-5
		{DA2CC425-D02A-41DF-8772-AD45EBF7A7F0}.DVD-5|ARM.ActiveCfg = DVD-5
		{DA2CC425-D02A-41DF-8772-AD45EBF7A7F0}.DVD-5|Mixed Platforms.ActiveCfg = DVD-5
		{DA2CC425-D02A-41DF-8772-AD45EBF7A7F0}.DVD-5|Mixed Platforms.Build.0 = DVD-5
		{DA2CC425-D02A-41DF-8772-AD45EBF7A7F0}.DVD-5|Win32.ActiveCfg = DVD-5
		{DA2CC425-D02A-41DF-8772-AD45EBF7A7F0}.DVD-5|Win32.Build.0 = DVD-5
		{DA2CC425-D02A-41DF-8772-AD45EBF7A7F0}.DVD-5|x64.ActiveCfg = DVD-5
		{DA2CC425-D02A-41DF-8772-AD45EBF7A7F0}.DVD-5|x64.Build.0 = DVD-5
		{DA2CC425-D02A-41DF-8772-AD45EBF7A7F0}.Release|Any CPU.ActiveCfg = SingleImage
		{DA2CC425-D02A-41DF-8772-AD45EBF7A7F0}.Release|ARM.ActiveCfg = SingleImage
		{DA2CC425-D02A-41DF-8772-AD45EBF7A7F0}.Release|Mixed Platforms.ActiveCfg = SingleImage
		{DA2CC425-D02A-41DF-8772-AD45EBF7A7F0}.Release|Mixed Platforms.Build.0 = SingleImage
		{DA2CC425-D02A-41DF-8772-AD45EBF7A7F0}.Release|Win32.ActiveCfg = SingleImage
		{DA2CC425-D02A-41DF-8772-AD45EBF7A7F0}.Release|Win32.Build.0 = SingleImage
		{DA2CC425-D02A-41DF-8772-AD45EBF7A7F0}.Release|x64.ActiveCfg = SingleImage
		{DA2CC425-D02A-41DF-8772-AD45EBF7A7F0}.Release|x64.Build.0 = SingleImage
		{DA2CC425-D02A-41DF-8772-AD45EBF7A7F0}.SingleImage|Any CPU.ActiveCfg = SingleImage
		{DA2CC425-D02A-41DF-8772-AD45EBF7A7F0}.SingleImage|ARM.ActiveCfg = SingleImage
		{DA2CC425-D02A-41DF-8772-AD45EBF7A7F0}.SingleImage|Mixed Platforms.ActiveCfg = SingleImage
		{DA2CC425-D02A-41DF-8772-AD45EBF7A7F0}.SingleImage|Mixed Platforms.Build.0 = SingleImage
		{DA2CC425-D02A-41DF-8772-AD45EBF7A7F0}.SingleImage|Win32.ActiveCfg = SingleImage
		{DA2CC425-D02A-41DF-8772-AD45EBF7A7F0}.SingleImage|Win32.Build.0 = SingleImage
		{DA2CC425-D02A-41DF-8772-AD45EBF7A7F0}.SingleImage|x64.ActiveCfg = SingleImage
		{DA2CC425-D02A-41DF-8772-AD45EBF7A7F0}.SingleImage|x64.Build.0 = SingleImage
		{D4094C16-ACC4-4954-B161-AC21CDBC51F9}.CD_ROM|Any CPU.ActiveCfg = Debug|x64
		{D4094C16-ACC4-4954-B161-AC21CDBC51F9}.CD_ROM|Any CPU.Build.0 = Debug|x64
		{D4094C16-ACC4-4954-B161-AC21CDBC51F9}.CD_ROM|ARM.ActiveCfg = Debug|Win32
		{D4094C16-ACC4-4954-B161-AC21CDBC51F9}.CD_ROM|ARM.Build.0 = Debug|Win32
		{D4094C16-ACC4-4954-B161-AC21CDBC51F9}.CD_ROM|Mixed Platforms.ActiveCfg = Release|Win32
		{D4094C16-ACC4-4954-B161-AC21CDBC51F9}.CD_ROM|Mixed Platforms.Build.0 = Release|Win32
		{D4094C16-ACC4-4954-B161-AC21CDBC51F9}.CD_ROM|Win32.ActiveCfg = Release|Win32
		{D4094C16-ACC4-4954-B161-AC21CDBC51F9}.CD_ROM|Win32.Build.0 = Release|Win32
		{D4094C16-ACC4-4954-B161-AC21CDBC51F9}.CD_ROM|x64.ActiveCfg = Release|x64
		{D4094C16-ACC4-4954-B161-AC21CDBC51F9}.CD_ROM|x64.Build.0 = Release|x64
		{D4094C16-ACC4-4954-B161-AC21CDBC51F9}.Compile|Any CPU.ActiveCfg = Debug|x64
		{D4094C16-ACC4-4954-B161-AC21CDBC51F9}.Compile|Any CPU.Build.0 = Debug|x64
		{D4094C16-ACC4-4954-B161-AC21CDBC51F9}.Compile|ARM.ActiveCfg = Debug|Win32
		{D4094C16-ACC4-4954-B161-AC21CDBC51F9}.Compile|ARM.Build.0 = Debug|Win32
		{D4094C16-ACC4-4954-B161-AC21CDBC51F9}.Compile|Mixed Platforms.ActiveCfg = Release|Win32
		{D4094C16-ACC4-4954-B161-AC21CDBC51F9}.Compile|Mixed Platforms.Build.0 = Release|Win32
		{D4094C16-ACC4-4954-B161-AC21CDBC51F9}.Compile|Win32.ActiveCfg = Release|Win32
		{D4094C16-ACC4-4954-B161-AC21CDBC51F9}.Compile|Win32.Build.0 = Release|Win32
		{D4094C16-ACC4-4954-B161-AC21CDBC51F9}.Compile|x64.ActiveCfg = Release|x64
		{D4094C16-ACC4-4954-B161-AC21CDBC51F9}.Compile|x64.Build.0 = Release|x64
		{D4094C16-ACC4-4954-B161-AC21CDBC51F9}.Debug|Any CPU.ActiveCfg = Debug|Win32
		{D4094C16-ACC4-4954-B161-AC21CDBC51F9}.Debug|ARM.ActiveCfg = Debug|Win32
		{D4094C16-ACC4-4954-B161-AC21CDBC51F9}.Debug|Mixed Platforms.ActiveCfg = Debug|Win32
		{D4094C16-ACC4-4954-B161-AC21CDBC51F9}.Debug|Mixed Platforms.Build.0 = Debug|Win32
		{D4094C16-ACC4-4954-B161-AC21CDBC51F9}.Debug|Win32.ActiveCfg = Debug|Win32
		{D4094C16-ACC4-4954-B161-AC21CDBC51F9}.Debug|Win32.Build.0 = Debug|Win32
		{D4094C16-ACC4-4954-B161-AC21CDBC51F9}.Debug|x64.ActiveCfg = Debug|x64
		{D4094C16-ACC4-4954-B161-AC21CDBC51F9}.Debug|x64.Build.0 = Debug|x64
		{D4094C16-ACC4-4954-B161-AC21CDBC51F9}.DVD-5|Any CPU.ActiveCfg = Debug|x64
		{D4094C16-ACC4-4954-B161-AC21CDBC51F9}.DVD-5|Any CPU.Build.0 = Debug|x64
		{D4094C16-ACC4-4954-B161-AC21CDBC51F9}.DVD-5|ARM.ActiveCfg = Debug|Win32
		{D4094C16-ACC4-4954-B161-AC21CDBC51F9}.DVD-5|ARM.Build.0 = Debug|Win32
		{D4094C16-ACC4-4954-B161-AC21CDBC51F9}.DVD-5|Mixed Platforms.ActiveCfg = Debug|Win32
		{D4094C16-ACC4-4954-B161-AC21CDBC51F9}.DVD-5|Mixed Platforms.Build.0 = Debug|Win32
		{D4094C16-ACC4-4954-B161-AC21CDBC51F9}.DVD-5|Win32.ActiveCfg = Debug|Win32
		{D4094C16-ACC4-4954-B161-AC21CDBC51F9}.DVD-5|Win32.Build.0 = Debug|Win32
		{D4094C16-ACC4-4954-B161-AC21CDBC51F9}.DVD-5|x64.ActiveCfg = Debug|x64
		{D4094C16-ACC4-4954-B161-AC21CDBC51F9}.DVD-5|x64.Build.0 = Debug|x64
		{D4094C16-ACC4-4954-B161-AC21CDBC51F9}.Release|Any CPU.ActiveCfg = Release|Win32
		{D4094C16-ACC4-4954-B161-AC21CDBC51F9}.Release|ARM.ActiveCfg = Release|Win32
		{D4094C16-ACC4-4954-B161-AC21CDBC51F9}.Release|Mixed Platforms.ActiveCfg = Release|Win32
		{D4094C16-ACC4-4954-B161-AC21CDBC51F9}.Release|Mixed Platforms.Build.0 = Release|Win32
		{D4094C16-ACC4-4954-B161-AC21CDBC51F9}.Release|Win32.ActiveCfg = Release|Win32
		{D4094C16-ACC4-4954-B161-AC21CDBC51F9}.Release|Win32.Build.0 = Release|Win32
		{D4094C16-ACC4-4954-B161-AC21CDBC51F9}.Release|x64.ActiveCfg = Release|x64
		{D4094C16-ACC4-4954-B161-AC21CDBC51F9}.Release|x64.Build.0 = Release|x64
		{D4094C16-ACC4-4954-B161-AC21CDBC51F9}.SingleImage|Any CPU.ActiveCfg = Debug|x64
		{D4094C16-ACC4-4954-B161-AC21CDBC51F9}.SingleImage|Any CPU.Build.0 = Debug|x64
		{D4094C16-ACC4-4954-B161-AC21CDBC51F9}.SingleImage|ARM.ActiveCfg = Debug|Win32
		{D4094C16-ACC4-4954-B161-AC21CDBC51F9}.SingleImage|ARM.Build.0 = Debug|Win32
		{D4094C16-ACC4-4954-B161-AC21CDBC51F9}.SingleImage|Mixed Platforms.ActiveCfg = Release|Win32
		{D4094C16-ACC4-4954-B161-AC21CDBC51F9}.SingleImage|Mixed Platforms.Build.0 = Release|Win32
		{D4094C16-ACC4-4954-B161-AC21CDBC51F9}.SingleImage|Win32.ActiveCfg = Release|Win32
		{D4094C16-ACC4-4954-B161-AC21CDBC51F9}.SingleImage|Win32.Build.0 = Release|Win32
		{D4094C16-ACC4-4954-B161-AC21CDBC51F9}.SingleImage|x64.ActiveCfg = Release|x64
		{D4094C16-ACC4-4954-B161-AC21CDBC51F9}.SingleImage|x64.Build.0 = Release|x64
		{AECB8DCF-DACF-4FAF-87FD-7B9AE588F21F}.CD_ROM|Any CPU.ActiveCfg = Debug|x64
		{AECB8DCF-DACF-4FAF-87FD-7B9AE588F21F}.CD_ROM|Any CPU.Build.0 = Debug|x64
		{AECB8DCF-DACF-4FAF-87FD-7B9AE588F21F}.CD_ROM|ARM.ActiveCfg = Debug|Win32
		{AECB8DCF-DACF-4FAF-87FD-7B9AE588F21F}.CD_ROM|ARM.Build.0 = Debug|Win32
		{AECB8DCF-DACF-4FAF-87FD-7B9AE588F21F}.CD_ROM|Mixed Platforms.ActiveCfg = Release|Win32
		{AECB8DCF-DACF-4FAF-87FD-7B9AE588F21F}.CD_ROM|Mixed Platforms.Build.0 = Release|Win32
		{AECB8DCF-DACF-4FAF-87FD-7B9AE588F21F}.CD_ROM|Win32.ActiveCfg = Release|Win32
		{AECB8DCF-DACF-4FAF-87FD-7B9AE588F21F}.CD_ROM|Win32.Build.0 = Release|Win32
		{AECB8DCF-DACF-4FAF-87FD-7B9AE588F21F}.CD_ROM|x64.ActiveCfg = Release|x64
		{AECB8DCF-DACF-4FAF-87FD-7B9AE588F21F}.CD_ROM|x64.Build.0 = Release|x64
		{AECB8DCF-DACF-4FAF-87FD-7B9AE588F21F}.Compile|Any CPU.ActiveCfg = Debug|x64
		{AECB8DCF-DACF-4FAF-87FD-7B9AE588F21F}.Compile|Any CPU.Build.0 = Debug|x64
		{AECB8DCF-DACF-4FAF-87FD-7B9AE588F21F}.Compile|ARM.ActiveCfg = Debug|Win32
		{AECB8DCF-DACF-4FAF-87FD-7B9AE588F21F}.Compile|ARM.Build.0 = Debug|Win32
		{AECB8DCF-DACF-4FAF-87FD-7B9AE588F21F}.Compile|Mixed Platforms.ActiveCfg = Release|Win32
		{AECB8DCF-DACF-4FAF-87FD-7B9AE588F21F}.Compile|Mixed Platforms.Build.0 = Release|Win32
		{AECB8DCF-DACF-4FAF-87FD-7B9AE588F21F}.Compile|Win32.ActiveCfg = Release|Win32
		{AECB8DCF-DACF-4FAF-87FD-7B9AE588F21F}.Compile|Win32.Build.0 = Release|Win32
		{AECB8DCF-DACF-4FAF-87FD-7B9AE588F21F}.Compile|x64.ActiveCfg = Release|x64
		{AECB8DCF-DACF-4FAF-87FD-7B9AE588F21F}.Compile|x64.Build.0 = Release|x64
		{AECB8DCF-DACF-4FAF-87FD-7B9AE588F21F}.Debug|Any CPU.ActiveCfg = Debug|Win32
		{AECB8DCF-DACF-4FAF-87FD-7B9AE588F21F}.Debug|ARM.ActiveCfg = Debug|Win32
		{AECB8DCF-DACF-4FAF-87FD-7B9AE588F21F}.Debug|Mixed Platforms.ActiveCfg = Debug|Win32
		{AECB8DCF-DACF-4FAF-87FD-7B9AE588F21F}.Debug|Mixed Platforms.Build.0 = Debug|Win32
		{AECB8DCF-DACF-4FAF-87FD-7B9AE588F21F}.Debug|Win32.ActiveCfg = Debug|Win32
		{AECB8DCF-DACF-4FAF-87FD-7B9AE588F21F}.Debug|Win32.Build.0 = Debug|Win32
		{AECB8DCF-DACF-4FAF-87FD-7B9AE588F21F}.Debug|x64.ActiveCfg = Debug|x64
		{AECB8DCF-DACF-4FAF-87FD-7B9AE588F21F}.Debug|x64.Build.0 = Debug|x64
		{AECB8DCF-DACF-4FAF-87FD-7B9AE588F21F}.DVD-5|Any CPU.ActiveCfg = Debug|x64
		{AECB8DCF-DACF-4FAF-87FD-7B9AE588F21F}.DVD-5|Any CPU.Build.0 = Debug|x64
		{AECB8DCF-DACF-4FAF-87FD-7B9AE588F21F}.DVD-5|ARM.ActiveCfg = Debug|Win32
		{AECB8DCF-DACF-4FAF-87FD-7B9AE588F21F}.DVD-5|ARM.Build.0 = Debug|Win32
		{AECB8DCF-DACF-4FAF-87FD-7B9AE588F21F}.DVD-5|Mixed Platforms.ActiveCfg = Debug|Win32
		{AECB8DCF-DACF-4FAF-87FD-7B9AE588F21F}.DVD-5|Mixed Platforms.Build.0 = Debug|Win32
		{AECB8DCF-DACF-4FAF-87FD-7B9AE588F21F}.DVD-5|Win32.ActiveCfg = Debug|Win32
		{AECB8DCF-DACF-4FAF-87FD-7B9AE588F21F}.DVD-5|Win32.Build.0 = Debug|Win32
		{AECB8DCF-DACF-4FAF-87FD-7B9AE588F21F}.DVD-5|x64.ActiveCfg = Debug|x64
		{AECB8DCF-DACF-4FAF-87FD-7B9AE588F21F}.DVD-5|x64.Build.0 = Debug|x64
		{AECB8DCF-DACF-4FAF-87FD-7B9AE588F21F}.Release|Any CPU.ActiveCfg = Release|Win32
		{AECB8DCF-DACF-4FAF-87FD-7B9AE588F21F}.Release|ARM.ActiveCfg = Release|Win32
		{AECB8DCF-DACF-4FAF-87FD-7B9AE588F21F}.Release|Mixed Platforms.ActiveCfg = Release|Win32
		{AECB8DCF-DACF-4FAF-87FD-7B9AE588F21F}.Release|Mixed Platforms.Build.0 = Release|Win32
		{AECB8DCF-DACF-4FAF-87FD-7B9AE588F21F}.Release|Win32.ActiveCfg = Release|Win32
		{AECB8DCF-DACF-4FAF-87FD-7B9AE588F21F}.Release|Win32.Build.0 = Release|Win32
		{AECB8DCF-DACF-4FAF-87FD-7B9AE588F21F}.Release|x64.ActiveCfg = Release|x64
		{AECB8DCF-DACF-4FAF-87FD-7B9AE588F21F}.Release|x64.Build.0 = Release|x64
		{AECB8DCF-DACF-4FAF-87FD-7B9AE588F21F}.SingleImage|Any CPU.ActiveCfg = Debug|x64
		{AECB8DCF-DACF-4FAF-87FD-7B9AE588F21F}.SingleImage|Any CPU.Build.0 = Debug|x64
		{AECB8DCF-DACF-4FAF-87FD-7B9AE588F21F}.SingleImage|ARM.ActiveCfg = Debug|Win32
		{AECB8DCF-DACF-4FAF-87FD-7B9AE588F21F}.SingleImage|ARM.Build.0 = Debug|Win32
		{AECB8DCF-DACF-4FAF-87FD-7B9AE588F21F}.SingleImage|Mixed Platforms.ActiveCfg = Release|Win32
		{AECB8DCF-DACF-4FAF-87FD-7B9AE588F21F}.SingleImage|Mixed Platforms.Build.0 = Release|Win32
		{AECB8DCF-DACF-4FAF-87FD-7B9AE588F21F}.SingleImage|Win32.ActiveCfg = Release|Win32
		{AECB8DCF-DACF-4FAF-87FD-7B9AE588F21F}.SingleImage|Win32.Build.0 = Release|Win32
		{AECB8DCF-DACF-4FAF-87FD-7B9AE588F21F}.SingleImage|x64.ActiveCfg = Release|x64
		{AECB8DCF-DACF-4FAF-87FD-7B9AE588F21F}.SingleImage|x64.Build.0 = Release|x64
		{4DE26F91-50D8-49DB-9E8E-953B23EDB1F7}.CD_ROM|Any CPU.ActiveCfg = Debug|x64
		{4DE26F91-50D8-49DB-9E8E-953B23EDB1F7}.CD_ROM|Any CPU.Build.0 = Debug|x64
		{4DE26F91-50D8-49DB-9E8E-953B23EDB1F7}.CD_ROM|ARM.ActiveCfg = Release|x64
		{4DE26F91-50D8-49DB-9E8E-953B23EDB1F7}.CD_ROM|ARM.Build.0 = Release|x64
		{4DE26F91-50D8-49DB-9E8E-953B23EDB1F7}.CD_ROM|Mixed Platforms.ActiveCfg = Release|Win32
		{4DE26F91-50D8-49DB-9E8E-953B23EDB1F7}.CD_ROM|Mixed Platforms.Build.0 = Release|Win32
		{4DE26F91-50D8-49DB-9E8E-953B23EDB1F7}.CD_ROM|Win32.ActiveCfg = Release|Win32
		{4DE26F91-50D8-49DB-9E8E-953B23EDB1F7}.CD_ROM|Win32.Build.0 = Release|Win32
		{4DE26F91-50D8-49DB-9E8E-953B23EDB1F7}.CD_ROM|x64.ActiveCfg = Release|Win32
		{4DE26F91-50D8-49DB-9E8E-953B23EDB1F7}.CD_ROM|x64.Build.0 = Release|Win32
		{4DE26F91-50D8-49DB-9E8E-953B23EDB1F7}.Compile|Any CPU.ActiveCfg = Debug|x64
		{4DE26F91-50D8-49DB-9E8E-953B23EDB1F7}.Compile|Any CPU.Build.0 = Debug|x64
		{4DE26F91-50D8-49DB-9E8E-953B23EDB1F7}.Compile|ARM.ActiveCfg = Release|x64
		{4DE26F91-50D8-49DB-9E8E-953B23EDB1F7}.Compile|ARM.Build.0 = Release|x64
		{4DE26F91-50D8-49DB-9E8E-953B23EDB1F7}.Compile|Mixed Platforms.ActiveCfg = Release|Win32
		{4DE26F91-50D8-49DB-9E8E-953B23EDB1F7}.Compile|Mixed Platforms.Build.0 = Release|Win32
		{4DE26F91-50D8-49DB-9E8E-953B23EDB1F7}.Compile|Win32.ActiveCfg = Release|Win32
		{4DE26F91-50D8-49DB-9E8E-953B23EDB1F7}.Compile|Win32.Build.0 = Release|Win32
		{4DE26F91-50D8-49DB-9E8E-953B23EDB1F7}.Compile|x64.ActiveCfg = Release|Win32
		{4DE26F91-50D8-49DB-9E8E-953B23EDB1F7}.Compile|x64.Build.0 = Release|Win32
		{4DE26F91-50D8-49DB-9E8E-953B23EDB1F7}.Debug|Any CPU.ActiveCfg = Debug|Win32
		{4DE26F91-50D8-49DB-9E8E-953B23EDB1F7}.Debug|ARM.ActiveCfg = Debug|Win32
		{4DE26F91-50D8-49DB-9E8E-953B23EDB1F7}.Debug|Mixed Platforms.ActiveCfg = Debug|Win32
		{4DE26F91-50D8-49DB-9E8E-953B23EDB1F7}.Debug|Mixed Platforms.Build.0 = Debug|Win32
		{4DE26F91-50D8-49DB-9E8E-953B23EDB1F7}.Debug|Win32.ActiveCfg = Debug|Win32
		{4DE26F91-50D8-49DB-9E8E-953B23EDB1F7}.Debug|Win32.Build.0 = Debug|Win32
		{4DE26F91-50D8-49DB-9E8E-953B23EDB1F7}.Debug|x64.ActiveCfg = Debug|Win32
		{4DE26F91-50D8-49DB-9E8E-953B23EDB1F7}.DVD-5|Any CPU.ActiveCfg = Debug|x64
		{4DE26F91-50D8-49DB-9E8E-953B23EDB1F7}.DVD-5|Any CPU.Build.0 = Debug|x64
		{4DE26F91-50D8-49DB-9E8E-953B23EDB1F7}.DVD-5|ARM.ActiveCfg = Release|x64
		{4DE26F91-50D8-49DB-9E8E-953B23EDB1F7}.DVD-5|ARM.Build.0 = Release|x64
		{4DE26F91-50D8-49DB-9E8E-953B23EDB1F7}.DVD-5|Mixed Platforms.ActiveCfg = Debug|Win32
		{4DE26F91-50D8-49DB-9E8E-953B23EDB1F7}.DVD-5|Mixed Platforms.Build.0 = Debug|Win32
		{4DE26F91-50D8-49DB-9E8E-953B23EDB1F7}.DVD-5|Win32.ActiveCfg = Debug|Win32
		{4DE26F91-50D8-49DB-9E8E-953B23EDB1F7}.DVD-5|Win32.Build.0 = Debug|Win32
		{4DE26F91-50D8-49DB-9E8E-953B23EDB1F7}.DVD-5|x64.ActiveCfg = Release|Win32
		{4DE26F91-50D8-49DB-9E8E-953B23EDB1F7}.DVD-5|x64.Build.0 = Release|Win32
		{4DE26F91-50D8-49DB-9E8E-953B23EDB1F7}.Release|Any CPU.ActiveCfg = Release|Win32
		{4DE26F91-50D8-49DB-9E8E-953B23EDB1F7}.Release|ARM.ActiveCfg = Release|Win32
		{4DE26F91-50D8-49DB-9E8E-953B23EDB1F7}.Release|Mixed Platforms.ActiveCfg = Release|Win32
		{4DE26F91-50D8-49DB-9E8E-953B23EDB1F7}.Release|Mixed Platforms.Build.0 = Release|Win32
		{4DE26F91-50D8-49DB-9E8E-953B23EDB1F7}.Release|Win32.ActiveCfg = Release|Win32
		{4DE26F91-50D8-49DB-9E8E-953B23EDB1F7}.Release|Win32.Build.0 = Release|Win32
		{4DE26F91-50D8-49DB-9E8E-953B23EDB1F7}.Release|x64.ActiveCfg = Release|x64
		{4DE26F91-50D8-49DB-9E8E-953B23EDB1F7}.Release|x64.Build.0 = Release|x64
		{4DE26F91-50D8-49DB-9E8E-953B23EDB1F7}.SingleImage|Any CPU.ActiveCfg = Debug|x64
		{4DE26F91-50D8-49DB-9E8E-953B23EDB1F7}.SingleImage|Any CPU.Build.0 = Debug|x64
		{4DE26F91-50D8-49DB-9E8E-953B23EDB1F7}.SingleImage|ARM.ActiveCfg = Release|x64
		{4DE26F91-50D8-49DB-9E8E-953B23EDB1F7}.SingleImage|ARM.Build.0 = Release|x64
		{4DE26F91-50D8-49DB-9E8E-953B23EDB1F7}.SingleImage|Mixed Platforms.ActiveCfg = Release|Win32
		{4DE26F91-50D8-49DB-9E8E-953B23EDB1F7}.SingleImage|Mixed Platforms.Build.0 = Release|Win32
		{4DE26F91-50D8-49DB-9E8E-953B23EDB1F7}.SingleImage|Win32.ActiveCfg = Release|Win32
		{4DE26F91-50D8-49DB-9E8E-953B23EDB1F7}.SingleImage|Win32.Build.0 = Release|Win32
		{4DE26F91-50D8-49DB-9E8E-953B23EDB1F7}.SingleImage|x64.ActiveCfg = Release|Win32
		{4DE26F91-50D8-49DB-9E8E-953B23EDB1F7}.SingleImage|x64.Build.0 = Release|Win32
		{0F010312-834C-4D3E-84F7-A95FD8CA63C6}.CD_ROM|Any CPU.ActiveCfg = Debug|x64
		{0F010312-834C-4D3E-84F7-A95FD8CA63C6}.CD_ROM|Any CPU.Build.0 = Debug|x64
		{0F010312-834C-4D3E-84F7-A95FD8CA63C6}.CD_ROM|ARM.ActiveCfg = Debug|Win32
		{0F010312-834C-4D3E-84F7-A95FD8CA63C6}.CD_ROM|ARM.Build.0 = Debug|Win32
		{0F010312-834C-4D3E-84F7-A95FD8CA63C6}.CD_ROM|Mixed Platforms.ActiveCfg = Release|Win32
		{0F010312-834C-4D3E-84F7-A95FD8CA63C6}.CD_ROM|Mixed Platforms.Build.0 = Release|Win32
		{0F010312-834C-4D3E-84F7-A95FD8CA63C6}.CD_ROM|Win32.ActiveCfg = Release|Win32
		{0F010312-834C-4D3E-84F7-A95FD8CA63C6}.CD_ROM|Win32.Build.0 = Release|Win32
		{0F010312-834C-4D3E-84F7-A95FD8CA63C6}.CD_ROM|x64.ActiveCfg = Release|x64
		{0F010312-834C-4D3E-84F7-A95FD8CA63C6}.CD_ROM|x64.Build.0 = Release|x64
		{0F010312-834C-4D3E-84F7-A95FD8CA63C6}.Compile|Any CPU.ActiveCfg = Debug|x64
		{0F010312-834C-4D3E-84F7-A95FD8CA63C6}.Compile|Any CPU.Build.0 = Debug|x64
		{0F010312-834C-4D3E-84F7-A95FD8CA63C6}.Compile|ARM.ActiveCfg = Debug|Win32
		{0F010312-834C-4D3E-84F7-A95FD8CA63C6}.Compile|ARM.Build.0 = Debug|Win32
		{0F010312-834C-4D3E-84F7-A95FD8CA63C6}.Compile|Mixed Platforms.ActiveCfg = Release|Win32
		{0F010312-834C-4D3E-84F7-A95FD8CA63C6}.Compile|Mixed Platforms.Build.0 = Release|Win32
		{0F010312-834C-4D3E-84F7-A95FD8CA63C6}.Compile|Win32.ActiveCfg = Release|Win32
		{0F010312-834C-4D3E-84F7-A95FD8CA63C6}.Compile|Win32.Build.0 = Release|Win32
		{0F010312-834C-4D3E-84F7-A95FD8CA63C6}.Compile|x64.ActiveCfg = Release|x64
		{0F010312-834C-4D3E-84F7-A95FD8CA63C6}.Compile|x64.Build.0 = Release|x64
		{0F010312-834C-4D3E-84F7-A95FD8CA63C6}.Debug|Any CPU.ActiveCfg = Debug|Win32
		{0F010312-834C-4D3E-84F7-A95FD8CA63C6}.Debug|ARM.ActiveCfg = Debug|Win32
		{0F010312-834C-4D3E-84F7-A95FD8CA63C6}.Debug|Mixed Platforms.ActiveCfg = Debug|Win32
		{0F010312-834C-4D3E-84F7-A95FD8CA63C6}.Debug|Mixed Platforms.Build.0 = Debug|Win32
		{0F010312-834C-4D3E-84F7-A95FD8CA63C6}.Debug|Win32.ActiveCfg = Debug|Win32
		{0F010312-834C-4D3E-84F7-A95FD8CA63C6}.Debug|Win32.Build.0 = Debug|Win32
		{0F010312-834C-4D3E-84F7-A95FD8CA63C6}.Debug|x64.ActiveCfg = Debug|x64
		{0F010312-834C-4D3E-84F7-A95FD8CA63C6}.Debug|x64.Build.0 = Debug|x64
		{0F010312-834C-4D3E-84F7-A95FD8CA63C6}.DVD-5|Any CPU.ActiveCfg = Debug|x64
		{0F010312-834C-4D3E-84F7-A95FD8CA63C6}.DVD-5|Any CPU.Build.0 = Debug|x64
		{0F010312-834C-4D3E-84F7-A95FD8CA63C6}.DVD-5|ARM.ActiveCfg = Debug|Win32
		{0F010312-834C-4D3E-84F7-A95FD8CA63C6}.DVD-5|ARM.Build.0 = Debug|Win32
		{0F010312-834C-4D3E-84F7-A95FD8CA63C6}.DVD-5|Mixed Platforms.ActiveCfg = Debug|Win32
		{0F010312-834C-4D3E-84F7-A95FD8CA63C6}.DVD-5|Mixed Platforms.Build.0 = Debug|Win32
		{0F010312-834C-4D3E-84F7-A95FD8CA63C6}.DVD-5|Win32.ActiveCfg = Debug|Win32
		{0F010312-834C-4D3E-84F7-A95FD8CA63C6}.DVD-5|Win32.Build.0 = Debug|Win32
		{0F010312-834C-4D3E-84F7-A95FD8CA63C6}.DVD-5|x64.ActiveCfg = Debug|x64
		{0F010312-834C-4D3E-84F7-A95FD8CA63C6}.DVD-5|x64.Build.0 = Debug|x64
		{0F010312-834C-4D3E-84F7-A95FD8CA63C6}.Release|Any CPU.ActiveCfg = Release|Win32
		{0F010312-834C-4D3E-84F7-A95FD8CA63C6}.Release|ARM.ActiveCfg = Release|Win32
		{0F010312-834C-4D3E-84F7-A95FD8CA63C6}.Release|Mixed Platforms.ActiveCfg = Release|Win32
		{0F010312-834C-4D3E-84F7-A95FD8CA63C6}.Release|Mixed Platforms.Build.0 = Release|Win32
		{0F010312-834C-4D3E-84F7-A95FD8CA63C6}.Release|Win32.ActiveCfg = Release|Win32
		{0F010312-834C-4D3E-84F7-A95FD8CA63C6}.Release|Win32.Build.0 = Release|Win32
		{0F010312-834C-4D3E-84F7-A95FD8CA63C6}.Release|x64.ActiveCfg = Release|x64
		{0F010312-834C-4D3E-84F7-A95FD8CA63C6}.Release|x64.Build.0 = Release|x64
		{0F010312-834C-4D3E-84F7-A95FD8CA63C6}.SingleImage|Any CPU.ActiveCfg = Debug|x64
		{0F010312-834C-4D3E-84F7-A95FD8CA63C6}.SingleImage|Any CPU.Build.0 = Debug|x64
		{0F010312-834C-4D3E-84F7-A95FD8CA63C6}.SingleImage|ARM.ActiveCfg = Debug|Win32
		{0F010312-834C-4D3E-84F7-A95FD8CA63C6}.SingleImage|ARM.Build.0 = Debug|Win32
		{0F010312-834C-4D3E-84F7-A95FD8CA63C6}.SingleImage|Mixed Platforms.ActiveCfg = Release|Win32
		{0F010312-834C-4D3E-84F7-A95FD8CA63C6}.SingleImage|Mixed Platforms.Build.0 = Release|Win32
		{0F010312-834C-4D3E-84F7-A95FD8CA63C6}.SingleImage|Win32.ActiveCfg = Release|Win32
		{0F010312-834C-4D3E-84F7-A95FD8CA63C6}.SingleImage|Win32.Build.0 = Release|Win32
		{0F010312-834C-4D3E-84F7-A95FD8CA63C6}.SingleImage|x64.ActiveCfg = Release|x64
		{0F010312-834C-4D3E-84F7-A95FD8CA63C6}.SingleImage|x64.Build.0 = Release|x64
		{ACA2D47A-2381-49B7-ACD4-463826252A35}.CD_ROM|Any CPU.ActiveCfg = Release|x64
		{ACA2D47A-2381-49B7-ACD4-463826252A35}.CD_ROM|Any CPU.Build.0 = Release|x64
		{ACA2D47A-2381-49B7-ACD4-463826252A35}.CD_ROM|ARM.ActiveCfg = Release|ARM
		{ACA2D47A-2381-49B7-ACD4-463826252A35}.CD_ROM|ARM.Build.0 = Release|ARM
		{ACA2D47A-2381-49B7-ACD4-463826252A35}.CD_ROM|Mixed Platforms.ActiveCfg = Release|Win32
		{ACA2D47A-2381-49B7-ACD4-463826252A35}.CD_ROM|Mixed Platforms.Build.0 = Release|Win32
		{ACA2D47A-2381-49B7-ACD4-463826252A35}.CD_ROM|Win32.ActiveCfg = Release|Win32
		{ACA2D47A-2381-49B7-ACD4-463826252A35}.CD_ROM|Win32.Build.0 = Release|Win32
		{ACA2D47A-2381-49B7-ACD4-463826252A35}.CD_ROM|x64.ActiveCfg = Release|x64
		{ACA2D47A-2381-49B7-ACD4-463826252A35}.CD_ROM|x64.Build.0 = Release|x64
		{ACA2D47A-2381-49B7-ACD4-463826252A35}.Compile|Any CPU.ActiveCfg = Release|x64
		{ACA2D47A-2381-49B7-ACD4-463826252A35}.Compile|Any CPU.Build.0 = Release|x64
		{ACA2D47A-2381-49B7-ACD4-463826252A35}.Compile|ARM.ActiveCfg = Release|ARM
		{ACA2D47A-2381-49B7-ACD4-463826252A35}.Compile|ARM.Build.0 = Release|ARM
		{ACA2D47A-2381-49B7-ACD4-463826252A35}.Compile|Mixed Platforms.ActiveCfg = Release|Win32
		{ACA2D47A-2381-49B7-ACD4-463826252A35}.Compile|Mixed Platforms.Build.0 = Release|Win32
		{ACA2D47A-2381-49B7-ACD4-463826252A35}.Compile|Win32.ActiveCfg = Release|Win32
		{ACA2D47A-2381-49B7-ACD4-463826252A35}.Compile|Win32.Build.0 = Release|Win32
		{ACA2D47A-2381-49B7-ACD4-463826252A35}.Compile|x64.ActiveCfg = Release|x64
		{ACA2D47A-2381-49B7-ACD4-463826252A35}.Compile|x64.Build.0 = Release|x64
		{ACA2D47A-2381-49B7-ACD4-463826252A35}.Debug|Any CPU.ActiveCfg = Debug|Win32
		{ACA2D47A-2381-49B7-ACD4-463826252A35}.Debug|ARM.ActiveCfg = Debug|ARM
		{ACA2D47A-2381-49B7-ACD4-463826252A35}.Debug|ARM.Build.0 = Debug|ARM
		{ACA2D47A-2381-49B7-ACD4-463826252A35}.Debug|Mixed Platforms.ActiveCfg = Debug|Win32
		{ACA2D47A-2381-49B7-ACD4-463826252A35}.Debug|Mixed Platforms.Build.0 = Debug|Win32
		{ACA2D47A-2381-49B7-ACD4-463826252A35}.Debug|Win32.ActiveCfg = Debug|Win32
		{ACA2D47A-2381-49B7-ACD4-463826252A35}.Debug|Win32.Build.0 = Debug|Win32
		{ACA2D47A-2381-49B7-ACD4-463826252A35}.Debug|x64.ActiveCfg = Debug|x64
		{ACA2D47A-2381-49B7-ACD4-463826252A35}.Debug|x64.Build.0 = Debug|x64
		{ACA2D47A-2381-49B7-ACD4-463826252A35}.DVD-5|Any CPU.ActiveCfg = Release|x64
		{ACA2D47A-2381-49B7-ACD4-463826252A35}.DVD-5|Any CPU.Build.0 = Release|x64
		{ACA2D47A-2381-49B7-ACD4-463826252A35}.DVD-5|ARM.ActiveCfg = Debug|ARM
		{ACA2D47A-2381-49B7-ACD4-463826252A35}.DVD-5|ARM.Build.0 = Debug|ARM
		{ACA2D47A-2381-49B7-ACD4-463826252A35}.DVD-5|Mixed Platforms.ActiveCfg = Debug|Win32
		{ACA2D47A-2381-49B7-ACD4-463826252A35}.DVD-5|Mixed Platforms.Build.0 = Debug|Win32
		{ACA2D47A-2381-49B7-ACD4-463826252A35}.DVD-5|Win32.ActiveCfg = Debug|Win32
		{ACA2D47A-2381-49B7-ACD4-463826252A35}.DVD-5|Win32.Build.0 = Debug|Win32
		{ACA2D47A-2381-49B7-ACD4-463826252A35}.DVD-5|x64.ActiveCfg = Debug|x64
		{ACA2D47A-2381-49B7-ACD4-463826252A35}.DVD-5|x64.Build.0 = Debug|x64
		{ACA2D47A-2381-49B7-ACD4-463826252A35}.Release|Any CPU.ActiveCfg = Release|Win32
		{ACA2D47A-2381-49B7-ACD4-463826252A35}.Release|ARM.ActiveCfg = Release|ARM
		{ACA2D47A-2381-49B7-ACD4-463826252A35}.Release|ARM.Build.0 = Release|ARM
		{ACA2D47A-2381-49B7-ACD4-463826252A35}.Release|Mixed Platforms.ActiveCfg = Release|Win32
		{ACA2D47A-2381-49B7-ACD4-463826252A35}.Release|Mixed Platforms.Build.0 = Release|Win32
		{ACA2D47A-2381-49B7-ACD4-463826252A35}.Release|Win32.ActiveCfg = Release|Win32
		{ACA2D47A-2381-49B7-ACD4-463826252A35}.Release|Win32.Build.0 = Release|Win32
		{ACA2D47A-2381-49B7-ACD4-463826252A35}.Release|x64.ActiveCfg = Release|x64
		{ACA2D47A-2381-49B7-ACD4-463826252A35}.Release|x64.Build.0 = Release|x64
		{ACA2D47A-2381-49B7-ACD4-463826252A35}.SingleImage|Any CPU.ActiveCfg = Release|x64
		{ACA2D47A-2381-49B7-ACD4-463826252A35}.SingleImage|Any CPU.Build.0 = Release|x64
		{ACA2D47A-2381-49B7-ACD4-463826252A35}.SingleImage|ARM.ActiveCfg = Release|ARM
		{ACA2D47A-2381-49B7-ACD4-463826252A35}.SingleImage|ARM.Build.0 = Release|ARM
		{ACA2D47A-2381-49B7-ACD4-463826252A35}.SingleImage|Mixed Platforms.ActiveCfg = Release|Win32
		{ACA2D47A-2381-49B7-ACD4-463826252A35}.SingleImage|Mixed Platforms.Build.0 = Release|Win32
		{ACA2D47A-2381-49B7-ACD4-463826252A35}.SingleImage|Win32.ActiveCfg = Release|Win32
		{ACA2D47A-2381-49B7-ACD4-463826252A35}.SingleImage|Win32.Build.0 = Release|Win32
		{ACA2D47A-2381-49B7-ACD4-463826252A35}.SingleImage|x64.ActiveCfg = Release|x64
		{ACA2D47A-2381-49B7-ACD4-463826252A35}.SingleImage|x64.Build.0 = Release|x64
		{C0D999E5-B660-4E7E-A8AA-138ED2F20096}.CD_ROM|Any CPU.ActiveCfg = Release|x64
		{C0D999E5-B660-4E7E-A8AA-138ED2F20096}.CD_ROM|Any CPU.Build.0 = Release|x64
		{C0D999E5-B660-4E7E-A8AA-138ED2F20096}.CD_ROM|ARM.ActiveCfg = Release|ARM
		{C0D999E5-B660-4E7E-A8AA-138ED2F20096}.CD_ROM|ARM.Build.0 = Release|ARM
		{C0D999E5-B660-4E7E-A8AA-138ED2F20096}.CD_ROM|Mixed Platforms.ActiveCfg = Release|Win32
		{C0D999E5-B660-4E7E-A8AA-138ED2F20096}.CD_ROM|Mixed Platforms.Build.0 = Release|Win32
		{C0D999E5-B660-4E7E-A8AA-138ED2F20096}.CD_ROM|Win32.ActiveCfg = Release|Win32
		{C0D999E5-B660-4E7E-A8AA-138ED2F20096}.CD_ROM|Win32.Build.0 = Release|Win32
		{C0D999E5-B660-4E7E-A8AA-138ED2F20096}.CD_ROM|x64.ActiveCfg = Release|x64
		{C0D999E5-B660-4E7E-A8AA-138ED2F20096}.CD_ROM|x64.Build.0 = Release|x64
		{C0D999E5-B660-4E7E-A8AA-138ED2F20096}.Compile|Any CPU.ActiveCfg = Release|x64
		{C0D999E5-B660-4E7E-A8AA-138ED2F20096}.Compile|Any CPU.Build.0 = Release|x64
		{C0D999E5-B660-4E7E-A8AA-138ED2F20096}.Compile|ARM.ActiveCfg = Release|ARM
		{C0D999E5-B660-4E7E-A8AA-138ED2F20096}.Compile|ARM.Build.0 = Release|ARM
		{C0D999E5-B660-4E7E-A8AA-138ED2F20096}.Compile|Mixed Platforms.ActiveCfg = Release|Win32
		{C0D999E5-B660-4E7E-A8AA-138ED2F20096}.Compile|Mixed Platforms.Build.0 = Release|Win32
		{C0D999E5-B660-4E7E-A8AA-138ED2F20096}.Compile|Win32.ActiveCfg = Release|Win32
		{C0D999E5-B660-4E7E-A8AA-138ED2F20096}.Compile|Win32.Build.0 = Release|Win32
		{C0D999E5-B660-4E7E-A8AA-138ED2F20096}.Compile|x64.ActiveCfg = Release|x64
		{C0D999E5-B660-4E7E-A8AA-138ED2F20096}.Compile|x64.Build.0 = Release|x64
		{C0D999E5-B660-4E7E-A8AA-138ED2F20096}.Debug|Any CPU.ActiveCfg = Debug|Win32
		{C0D999E5-B660-4E7E-A8AA-138ED2F20096}.Debug|ARM.ActiveCfg = Debug|ARM
		{C0D999E5-B660-4E7E-A8AA-138ED2F20096}.Debug|ARM.Build.0 = Debug|ARM
		{C0D999E5-B660-4E7E-A8AA-138ED2F20096}.Debug|Mixed Platforms.ActiveCfg = Debug|Win32
		{C0D999E5-B660-4E7E-A8AA-138ED2F20096}.Debug|Mixed Platforms.Build.0 = Debug|Win32
		{C0D999E5-B660-4E7E-A8AA-138ED2F20096}.Debug|Win32.ActiveCfg = Debug|Win32
		{C0D999E5-B660-4E7E-A8AA-138ED2F20096}.Debug|Win32.Build.0 = Debug|Win32
		{C0D999E5-B660-4E7E-A8AA-138ED2F20096}.Debug|x64.ActiveCfg = Debug|x64
		{C0D999E5-B660-4E7E-A8AA-138ED2F20096}.Debug|x64.Build.0 = Debug|x64
		{C0D999E5-B660-4E7E-A8AA-138ED2F20096}.DVD-5|Any CPU.ActiveCfg = Release|x64
		{C0D999E5-B660-4E7E-A8AA-138ED2F20096}.DVD-5|Any CPU.Build.0 = Release|x64
		{C0D999E5-B660-4E7E-A8AA-138ED2F20096}.DVD-5|ARM.ActiveCfg = Debug|ARM
		{C0D999E5-B660-4E7E-A8AA-138ED2F20096}.DVD-5|ARM.Build.0 = Debug|ARM
		{C0D999E5-B660-4E7E-A8AA-138ED2F20096}.DVD-5|Mixed Platforms.ActiveCfg = Debug|Win32
		{C0D999E5-B660-4E7E-A8AA-138ED2F20096}.DVD-5|Mixed Platforms.Build.0 = Debug|Win32
		{C0D999E5-B660-4E7E-A8AA-138ED2F20096}.DVD-5|Win32.ActiveCfg = Debug|Win32
		{C0D999E5-B660-4E7E-A8AA-138ED2F20096}.DVD-5|Win32.Build.0 = Debug|Win32
		{C0D999E5-B660-4E7E-A8AA-138ED2F20096}.DVD-5|x64.ActiveCfg = Debug|x64
		{C0D999E5-B660-4E7E-A8AA-138ED2F20096}.DVD-5|x64.Build.0 = Debug|x64
		{C0D999E5-B660-4E7E-A8AA-138ED2F20096}.Release|Any CPU.ActiveCfg = Release|Win32
		{C0D999E5-B660-4E7E-A8AA-138ED2F20096}.Release|ARM.ActiveCfg = Release|ARM
		{C0D999E5-B660-4E7E-A8AA-138ED2F20096}.Release|ARM.Build.0 = Release|ARM
		{C0D999E5-B660-4E7E-A8AA-138ED2F20096}.Release|Mixed Platforms.ActiveCfg = Release|Win32
		{C0D999E5-B660-4E7E-A8AA-138ED2F20096}.Release|Mixed Platforms.Build.0 = Release|Win32
		{C0D999E5-B660-4E7E-A8AA-138ED2F20096}.Release|Win32.ActiveCfg = Release|Win32
		{C0D999E5-B660-4E7E-A8AA-138ED2F20096}.Release|Win32.Build.0 = Release|Win32
		{C0D999E5-B660-4E7E-A8AA-138ED2F20096}.Release|x64.ActiveCfg = Release|x64
		{C0D999E5-B660-4E7E-A8AA-138ED2F20096}.Release|x64.Build.0 = Release|x64
		{C0D999E5-B660-4E7E-A8AA-138ED2F20096}.SingleImage|Any CPU.ActiveCfg = Release|x64
		{C0D999E5-B660-4E7E-A8AA-138ED2F20096}.SingleImage|Any CPU.Build.0 = Release|x64
		{C0D999E5-B660-4E7E-A8AA-138ED2F20096}.SingleImage|ARM.ActiveCfg = Release|ARM
		{C0D999E5-B660-4E7E-A8AA-138ED2F20096}.SingleImage|ARM.Build.0 = Release|ARM
		{C0D999E5-B660-4E7E-A8AA-138ED2F20096}.SingleImage|Mixed Platforms.ActiveCfg = Release|Win32
		{C0D999E5-B660-4E7E-A8AA-138ED2F20096}.SingleImage|Mixed Platforms.Build.0 = Release|Win32
		{C0D999E5-B660-4E7E-A8AA-138ED2F20096}.SingleImage|Win32.ActiveCfg = Release|Win32
		{C0D999E5-B660-4E7E-A8AA-138ED2F20096}.SingleImage|Win32.Build.0 = Release|Win32
		{C0D999E5-B660-4E7E-A8AA-138ED2F20096}.SingleImage|x64.ActiveCfg = Release|x64
		{C0D999E5-B660-4E7E-A8AA-138ED2F20096}.SingleImage|x64.Build.0 = Release|x64
		{1D5CDB9A-5C7B-4244-86CD-997179A55491}.CD_ROM|Any CPU.ActiveCfg = Release|x64
		{1D5CDB9A-5C7B-4244-86CD-997179A55491}.CD_ROM|Any CPU.Build.0 = Release|x64
		{1D5CDB9A-5C7B-4244-86CD-997179A55491}.CD_ROM|ARM.ActiveCfg = Release|ARM
		{1D5CDB9A-5C7B-4244-86CD-997179A55491}.CD_ROM|ARM.Build.0 = Release|ARM
		{1D5CDB9A-5C7B-4244-86CD-997179A55491}.CD_ROM|Mixed Platforms.ActiveCfg = Release|Win32
		{1D5CDB9A-5C7B-4244-86CD-997179A55491}.CD_ROM|Mixed Platforms.Build.0 = Release|Win32
		{1D5CDB9A-5C7B-4244-86CD-997179A55491}.CD_ROM|Win32.ActiveCfg = Release|Win32
		{1D5CDB9A-5C7B-4244-86CD-997179A55491}.CD_ROM|Win32.Build.0 = Release|Win32
		{1D5CDB9A-5C7B-4244-86CD-997179A55491}.CD_ROM|x64.ActiveCfg = Release|x64
		{1D5CDB9A-5C7B-4244-86CD-997179A55491}.CD_ROM|x64.Build.0 = Release|x64
		{1D5CDB9A-5C7B-4244-86CD-997179A55491}.Compile|Any CPU.ActiveCfg = Release|x64
		{1D5CDB9A-5C7B-4244-86CD-997179A55491}.Compile|Any CPU.Build.0 = Release|x64
		{1D5CDB9A-5C7B-4244-86CD-997179A55491}.Compile|ARM.ActiveCfg = Release|ARM
		{1D5CDB9A-5C7B-4244-86CD-997179A55491}.Compile|ARM.Build.0 = Release|ARM
		{1D5CDB9A-5C7B-4244-86CD-997179A55491}.Compile|Mixed Platforms.ActiveCfg = Release|Win32
		{1D5CDB9A-5C7B-4244-86CD-997179A55491}.Compile|Mixed Platforms.Build.0 = Release|Win32
		{1D5CDB9A-5C7B-4244-86CD-997179A55491}.Compile|Win32.ActiveCfg = Release|Win32
		{1D5CDB9A-5C7B-4244-86CD-997179A55491}.Compile|Win32.Build.0 = Release|Win32
		{1D5CDB9A-5C7B-4244-86CD-997179A55491}.Compile|x64.ActiveCfg = Release|x64
		{1D5CDB9A-5C7B-4244-86CD-997179A55491}.Compile|x64.Build.0 = Release|x64
		{1D5CDB9A-5C7B-4244-86CD-997179A55491}.Debug|Any CPU.ActiveCfg = Debug|Win32
		{1D5CDB9A-5C7B-4244-86CD-997179A55491}.Debug|ARM.ActiveCfg = Debug|ARM
		{1D5CDB9A-5C7B-4244-86CD-997179A55491}.Debug|ARM.Build.0 = Debug|ARM
		{1D5CDB9A-5C7B-4244-86CD-997179A55491}.Debug|Mixed Platforms.ActiveCfg = Debug|Win32
		{1D5CDB9A-5C7B-4244-86CD-997179A55491}.Debug|Mixed Platforms.Build.0 = Debug|Win32
		{1D5CDB9A-5C7B-4244-86CD-997179A55491}.Debug|Win32.ActiveCfg = Debug|Win32
		{1D5CDB9A-5C7B-4244-86CD-997179A55491}.Debug|Win32.Build.0 = Debug|Win32
		{1D5CDB9A-5C7B-4244-86CD-997179A55491}.Debug|x64.ActiveCfg = Debug|x64
		{1D5CDB9A-5C7B-4244-86CD-997179A55491}.Debug|x64.Build.0 = Debug|x64
		{1D5CDB9A-5C7B-4244-86CD-997179A55491}.DVD-5|Any CPU.ActiveCfg = Release|x64
		{1D5CDB9A-5C7B-4244-86CD-997179A55491}.DVD-5|Any CPU.Build.0 = Release|x64
		{1D5CDB9A-5C7B-4244-86CD-997179A55491}.DVD-5|ARM.ActiveCfg = Debug|ARM
		{1D5CDB9A-5C7B-4244-86CD-997179A55491}.DVD-5|ARM.Build.0 = Debug|ARM
		{1D5CDB9A-5C7B-4244-86CD-997179A55491}.DVD-5|Mixed Platforms.ActiveCfg = Debug|Win32
		{1D5CDB9A-5C7B-4244-86CD-997179A55491}.DVD-5|Mixed Platforms.Build.0 = Debug|Win32
		{1D5CDB9A-5C7B-4244-86CD-997179A55491}.DVD-5|Win32.ActiveCfg = Debug|Win32
		{1D5CDB9A-5C7B-4244-86CD-997179A55491}.DVD-5|Win32.Build.0 = Debug|Win32
		{1D5CDB9A-5C7B-4244-86CD-997179A55491}.DVD-5|x64.ActiveCfg = Debug|x64
		{1D5CDB9A-5C7B-4244-86CD-997179A55491}.DVD-5|x64.Build.0 = Debug|x64
		{1D5CDB9A-5C7B-4244-86CD-997179A55491}.Release|Any CPU.ActiveCfg = Release|Win32
		{1D5CDB9A-5C7B-4244-86CD-997179A55491}.Release|ARM.ActiveCfg = Release|ARM
		{1D5CDB9A-5C7B-4244-86CD-997179A55491}.Release|ARM.Build.0 = Release|ARM
		{1D5CDB9A-5C7B-4244-86CD-997179A55491}.Release|Mixed Platforms.ActiveCfg = Release|Win32
		{1D5CDB9A-5C7B-4244-86CD-997179A55491}.Release|Mixed Platforms.Build.0 = Release|Win32
		{1D5CDB9A-5C7B-4244-86CD-997179A55491}.Release|Win32.ActiveCfg = Release|Win32
		{1D5CDB9A-5C7B-4244-86CD-997179A55491}.Release|Win32.Build.0 = Release|Win32
		{1D5CDB9A-5C7B-4244-86CD-997179A55491}.Release|x64.ActiveCfg = Release|x64
		{1D5CDB9A-5C7B-4244-86CD-997179A55491}.Release|x64.Build.0 = Release|x64
		{1D5CDB9A-5C7B-4244-86CD-997179A55491}.SingleImage|Any CPU.ActiveCfg = Release|x64
		{1D5CDB9A-5C7B-4244-86CD-997179A55491}.SingleImage|Any CPU.Build.0 = Release|x64
		{1D5CDB9A-5C7B-4244-86CD-997179A55491}.SingleImage|ARM.ActiveCfg = Release|ARM
		{1D5CDB9A-5C7B-4244-86CD-997179A55491}.SingleImage|ARM.Build.0 = Release|ARM
		{1D5CDB9A-5C7B-4244-86CD-997179A55491}.SingleImage|Mixed Platforms.ActiveCfg = Release|Win32
		{1D5CDB9A-5C7B-4244-86CD-997179A55491}.SingleImage|Mixed Platforms.Build.0 = Release|Win32
		{1D5CDB9A-5C7B-4244-86CD-997179A55491}.SingleImage|Win32.ActiveCfg = Release|Win32
		{1D5CDB9A-5C7B-4244-86CD-997179A55491}.SingleImage|Win32.Build.0 = Release|Win32
		{1D5CDB9A-5C7B-4244-86CD-997179A55491}.SingleImage|x64.ActiveCfg = Release|x64
		{1D5CDB9A-5C7B-4244-86CD-997179A55491}.SingleImage|x64.Build.0 = Release|x64
		{DC67EE6C-116D-44F5-BBC5-2C2CD84716D0}.CD_ROM|Any CPU.ActiveCfg = Release|x64
		{DC67EE6C-116D-44F5-BBC5-2C2CD84716D0}.CD_ROM|Any CPU.Build.0 = Release|x64
		{DC67EE6C-116D-44F5-BBC5-2C2CD84716D0}.CD_ROM|Any CPU.Deploy.0 = Release|x64
		{DC67EE6C-116D-44F5-BBC5-2C2CD84716D0}.CD_ROM|ARM.ActiveCfg = Release|ARM
		{DC67EE6C-116D-44F5-BBC5-2C2CD84716D0}.CD_ROM|ARM.Build.0 = Release|ARM
		{DC67EE6C-116D-44F5-BBC5-2C2CD84716D0}.CD_ROM|ARM.Deploy.0 = Release|ARM
		{DC67EE6C-116D-44F5-BBC5-2C2CD84716D0}.CD_ROM|Mixed Platforms.ActiveCfg = Release|Win32
		{DC67EE6C-116D-44F5-BBC5-2C2CD84716D0}.CD_ROM|Mixed Platforms.Build.0 = Release|Win32
		{DC67EE6C-116D-44F5-BBC5-2C2CD84716D0}.CD_ROM|Mixed Platforms.Deploy.0 = Release|Win32
		{DC67EE6C-116D-44F5-BBC5-2C2CD84716D0}.CD_ROM|Win32.ActiveCfg = Release|Win32
		{DC67EE6C-116D-44F5-BBC5-2C2CD84716D0}.CD_ROM|Win32.Build.0 = Release|Win32
		{DC67EE6C-116D-44F5-BBC5-2C2CD84716D0}.CD_ROM|Win32.Deploy.0 = Release|Win32
		{DC67EE6C-116D-44F5-BBC5-2C2CD84716D0}.CD_ROM|x64.ActiveCfg = Release|x64
		{DC67EE6C-116D-44F5-BBC5-2C2CD84716D0}.CD_ROM|x64.Build.0 = Release|x64
		{DC67EE6C-116D-44F5-BBC5-2C2CD84716D0}.CD_ROM|x64.Deploy.0 = Release|x64
		{DC67EE6C-116D-44F5-BBC5-2C2CD84716D0}.Compile|Any CPU.ActiveCfg = Release|x64
		{DC67EE6C-116D-44F5-BBC5-2C2CD84716D0}.Compile|Any CPU.Build.0 = Release|x64
		{DC67EE6C-116D-44F5-BBC5-2C2CD84716D0}.Compile|Any CPU.Deploy.0 = Release|x64
		{DC67EE6C-116D-44F5-BBC5-2C2CD84716D0}.Compile|ARM.ActiveCfg = Release|ARM
		{DC67EE6C-116D-44F5-BBC5-2C2CD84716D0}.Compile|ARM.Build.0 = Release|ARM
		{DC67EE6C-116D-44F5-BBC5-2C2CD84716D0}.Compile|ARM.Deploy.0 = Release|ARM
		{DC67EE6C-116D-44F5-BBC5-2C2CD84716D0}.Compile|Mixed Platforms.ActiveCfg = Release|Win32
		{DC67EE6C-116D-44F5-BBC5-2C2CD84716D0}.Compile|Mixed Platforms.Build.0 = Release|Win32
		{DC67EE6C-116D-44F5-BBC5-2C2CD84716D0}.Compile|Mixed Platforms.Deploy.0 = Release|Win32
		{DC67EE6C-116D-44F5-BBC5-2C2CD84716D0}.Compile|Win32.ActiveCfg = Release|Win32
		{DC67EE6C-116D-44F5-BBC5-2C2CD84716D0}.Compile|Win32.Build.0 = Release|Win32
		{DC67EE6C-116D-44F5-BBC5-2C2CD84716D0}.Compile|Win32.Deploy.0 = Release|Win32
		{DC67EE6C-116D-44F5-BBC5-2C2CD84716D0}.Compile|x64.ActiveCfg = Release|x64
		{DC67EE6C-116D-44F5-BBC5-2C2CD84716D0}.Compile|x64.Build.0 = Release|x64
		{DC67EE6C-116D-44F5-BBC5-2C2CD84716D0}.Compile|x64.Deploy.0 = Release|x64
		{DC67EE6C-116D-44F5-BBC5-2C2CD84716D0}.Debug|Any CPU.ActiveCfg = Debug|Win32
		{DC67EE6C-116D-44F5-BBC5-2C2CD84716D0}.Debug|ARM.ActiveCfg = Debug|ARM
		{DC67EE6C-116D-44F5-BBC5-2C2CD84716D0}.Debug|ARM.Build.0 = Debug|ARM
		{DC67EE6C-116D-44F5-BBC5-2C2CD84716D0}.Debug|ARM.Deploy.0 = Debug|ARM
		{DC67EE6C-116D-44F5-BBC5-2C2CD84716D0}.Debug|Mixed Platforms.ActiveCfg = Debug|Win32
		{DC67EE6C-116D-44F5-BBC5-2C2CD84716D0}.Debug|Mixed Platforms.Build.0 = Debug|Win32
		{DC67EE6C-116D-44F5-BBC5-2C2CD84716D0}.Debug|Mixed Platforms.Deploy.0 = Debug|Win32
		{DC67EE6C-116D-44F5-BBC5-2C2CD84716D0}.Debug|Win32.ActiveCfg = Debug|Win32
		{DC67EE6C-116D-44F5-BBC5-2C2CD84716D0}.Debug|Win32.Build.0 = Debug|Win32
		{DC67EE6C-116D-44F5-BBC5-2C2CD84716D0}.Debug|Win32.Deploy.0 = Debug|Win32
		{DC67EE6C-116D-44F5-BBC5-2C2CD84716D0}.Debug|x64.ActiveCfg = Debug|x64
		{DC67EE6C-116D-44F5-BBC5-2C2CD84716D0}.Debug|x64.Build.0 = Debug|x64
		{DC67EE6C-116D-44F5-BBC5-2C2CD84716D0}.Debug|x64.Deploy.0 = Debug|x64
		{DC67EE6C-116D-44F5-BBC5-2C2CD84716D0}.DVD-5|Any CPU.ActiveCfg = Release|x64
		{DC67EE6C-116D-44F5-BBC5-2C2CD84716D0}.DVD-5|Any CPU.Build.0 = Release|x64
		{DC67EE6C-116D-44F5-BBC5-2C2CD84716D0}.DVD-5|Any CPU.Deploy.0 = Release|x64
		{DC67EE6C-116D-44F5-BBC5-2C2CD84716D0}.DVD-5|ARM.ActiveCfg = Debug|ARM
		{DC67EE6C-116D-44F5-BBC5-2C2CD84716D0}.DVD-5|ARM.Build.0 = Debug|ARM
		{DC67EE6C-116D-44F5-BBC5-2C2CD84716D0}.DVD-5|ARM.Deploy.0 = Debug|ARM
		{DC67EE6C-116D-44F5-BBC5-2C2CD84716D0}.DVD-5|Mixed Platforms.ActiveCfg = Debug|Win32
		{DC67EE6C-116D-44F5-BBC5-2C2CD84716D0}.DVD-5|Mixed Platforms.Build.0 = Debug|Win32
		{DC67EE6C-116D-44F5-BBC5-2C2CD84716D0}.DVD-5|Mixed Platforms.Deploy.0 = Debug|Win32
		{DC67EE6C-116D-44F5-BBC5-2C2CD84716D0}.DVD-5|Win32.ActiveCfg = Debug|Win32
		{DC67EE6C-116D-44F5-BBC5-2C2CD84716D0}.DVD-5|Win32.Build.0 = Debug|Win32
		{DC67EE6C-116D-44F5-BBC5-2C2CD84716D0}.DVD-5|Win32.Deploy.0 = Debug|Win32
		{DC67EE6C-116D-44F5-BBC5-2C2CD84716D0}.DVD-5|x64.ActiveCfg = Debug|x64
		{DC67EE6C-116D-44F5-BBC5-2C2CD84716D0}.DVD-5|x64.Build.0 = Debug|x64
		{DC67EE6C-116D-44F5-BBC5-2C2CD84716D0}.DVD-5|x64.Deploy.0 = Debug|x64
		{DC67EE6C-116D-44F5-BBC5-2C2CD84716D0}.Release|Any CPU.ActiveCfg = Release|Win32
		{DC67EE6C-116D-44F5-BBC5-2C2CD84716D0}.Release|ARM.ActiveCfg = Release|ARM
		{DC67EE6C-116D-44F5-BBC5-2C2CD84716D0}.Release|ARM.Build.0 = Release|ARM
		{DC67EE6C-116D-44F5-BBC5-2C2CD84716D0}.Release|ARM.Deploy.0 = Release|ARM
		{DC67EE6C-116D-44F5-BBC5-2C2CD84716D0}.Release|Mixed Platforms.ActiveCfg = Release|Win32
		{DC67EE6C-116D-44F5-BBC5-2C2CD84716D0}.Release|Mixed Platforms.Build.0 = Release|Win32
		{DC67EE6C-116D-44F5-BBC5-2C2CD84716D0}.Release|Mixed Platforms.Deploy.0 = Release|Win32
		{DC67EE6C-116D-44F5-BBC5-2C2CD84716D0}.Release|Win32.ActiveCfg = Release|Win32
		{DC67EE6C-116D-44F5-BBC5-2C2CD84716D0}.Release|Win32.Build.0 = Release|Win32
		{DC67EE6C-116D-44F5-BBC5-2C2CD84716D0}.Release|Win32.Deploy.0 = Release|Win32
		{DC67EE6C-116D-44F5-BBC5-2C2CD84716D0}.Release|x64.ActiveCfg = Release|x64
		{DC67EE6C-116D-44F5-BBC5-2C2CD84716D0}.Release|x64.Build.0 = Release|x64
		{DC67EE6C-116D-44F5-BBC5-2C2CD84716D0}.Release|x64.Deploy.0 = Release|x64
		{DC67EE6C-116D-44F5-BBC5-2C2CD84716D0}.SingleImage|Any CPU.ActiveCfg = Release|x64
		{DC67EE6C-116D-44F5-BBC5-2C2CD84716D0}.SingleImage|Any CPU.Build.0 = Release|x64
		{DC67EE6C-116D-44F5-BBC5-2C2CD84716D0}.SingleImage|Any CPU.Deploy.0 = Release|x64
		{DC67EE6C-116D-44F5-BBC5-2C2CD84716D0}.SingleImage|ARM.ActiveCfg = Release|ARM
		{DC67EE6C-116D-44F5-BBC5-2C2CD84716D0}.SingleImage|ARM.Build.0 = Release|ARM
		{DC67EE6C-116D-44F5-BBC5-2C2CD84716D0}.SingleImage|ARM.Deploy.0 = Release|ARM
		{DC67EE6C-116D-44F5-BBC5-2C2CD84716D0}.SingleImage|Mixed Platforms.ActiveCfg = Release|Win32
		{DC67EE6C-116D-44F5-BBC5-2C2CD84716D0}.SingleImage|Mixed Platforms.Build.0 = Release|Win32
		{DC67EE6C-116D-44F5-BBC5-2C2CD84716D0}.SingleImage|Mixed Platforms.Deploy.0 = Release|Win32
		{DC67EE6C-116D-44F5-BBC5-2C2CD84716D0}.SingleImage|Win32.ActiveCfg = Release|Win32
		{DC67EE6C-116D-44F5-BBC5-2C2CD84716D0}.SingleImage|Win32.Build.0 = Release|Win32
		{DC67EE6C-116D-44F5-BBC5-2C2CD84716D0}.SingleImage|Win32.Deploy.0 = Release|Win32
		{DC67EE6C-116D-44F5-BBC5-2C2CD84716D0}.SingleImage|x64.ActiveCfg = Release|x64
		{DC67EE6C-116D-44F5-BBC5-2C2CD84716D0}.SingleImage|x64.Build.0 = Release|x64
		{DC67EE6C-116D-44F5-BBC5-2C2CD84716D0}.SingleImage|x64.Deploy.0 = Release|x64
	EndGlobalSection
	GlobalSection(SolutionProperties) = preSolution
		HideSolutionNode = FALSE
	EndGlobalSection
	GlobalSection(NestedProjects) = preSolution
		{ACA2D47A-2381-49B7-ACD4-463826252A35} = {87DE87A7-7FA5-4155-9A1B-1A80C4E723AB}
		{C0D999E5-B660-4E7E-A8AA-138ED2F20096} = {87DE87A7-7FA5-4155-9A1B-1A80C4E723AB}
		{1D5CDB9A-5C7B-4244-86CD-997179A55491} = {87DE87A7-7FA5-4155-9A1B-1A80C4E723AB}
		{DC67EE6C-116D-44F5-BBC5-2C2CD84716D0} = {87DE87A7-7FA5-4155-9A1B-1A80C4E723AB}
	EndGlobalSection
EndGlobal
