<?xml version="1.0" encoding="utf-8"?>
<Project ToolsVersion="4.0" xmlns="http://schemas.microsoft.com/developer/msbuild/2003">
  <ItemGroup>
    <ClCompile Include="bios.cpp">
      <Filter>代码</Filter>
    </ClCompile>
  </ItemGroup>
  <ItemGroup>
    <ClInclude Include="stdafx.h" />
    <ClInclude Include="linux.h">
      <Filter>头</Filter>
    </ClInclude>
    <ClInclude Include="targetver.h">
      <Filter>头</Filter>
    </ClInclude>
  </ItemGroup>
  <ItemGroup>
    <Text Include="Makefile" />
  </ItemGroup>
  <ItemGroup>
    <Filter Include="代码">
      <UniqueIdentifier>{ab13caad-fbc0-47c0-a9fc-7f0eb02b7dfe}</UniqueIdentifier>
    </Filter>
    <Filter Include="头">
      <UniqueIdentifier>{39da422b-6a43-44f2-b647-9aeba404a948}</UniqueIdentifier>
    </Filter>
  </ItemGroup>
</Project>