<?xml version="1.0" encoding="utf-8"?>
<Project ToolsVersion="14.0" xmlns="http://schemas.microsoft.com/developer/msbuild/2003">
  <ItemGroup>
    <Filter Include="Resource Files">
      <UniqueIdentifier>{67DA6AB6-F800-4c08-8B7A-83BB121AAD01}</UniqueIdentifier>
      <Extensions>rc;ico;cur;bmp;dlg;rc2;rct;bin;rgs;gif;jpg;jpeg;jpe;resx;tga;tiff;tif;png;wav;mfcribbon-ms</Extensions>
    </Filter>
  </ItemGroup>
  <ItemGroup>
    <ClInclude Include="..\..\TAHITI\ExtenisionLIB\configure.h" />
    <ClInclude Include="..\..\TAHITI\stdafx.h" />
    <ClInclude Include="..\..\TAHITI\permission.h" />
    <ClInclude Include="..\..\TAHITI\net_base.h" />
    <ClInclude Include="..\..\TAHITI\multi_platform.h" />
    <ClInclude Include="..\..\TAHITI\modules.h" />
    <ClInclude Include="..\..\TAHITI\kernel.h" />
    <ClInclude Include="..\..\TAHITI\feature_define.h" />
    <ClInclude Include="..\..\TAHITI\event.h" />
    <ClInclude Include="..\..\TAHITI\serverutil.h" />
    <ClInclude Include="..\..\TAHITI\hertbeat.h" />
    <ClInclude Include="..\..\TAHITI\inline.h" />
    <ClInclude Include="..\..\TAHITI\config.h" />
    <ClInclude Include="..\..\TAHITI\ExtenisionLIB\translate.h" />
  </ItemGroup>
  <ItemGroup>
    <ClCompile Include="..\..\TAHITI\ExtenisionLIB\translate.cpp" />
    <ClCompile Include="..\..\TAHITI\ExtenisionLIB\configure.cpp" />
    <ClCompile Include="..\..\TAHITI\TAHITI.cpp" />
    <ClCompile Include="..\..\TAHITI\serverutils.cpp" />
    <ClCompile Include="..\..\TAHITI\server.cpp" />
    <ClCompile Include="..\..\TAHITI\protocoV2.cpp" />
    <ClCompile Include="..\..\TAHITI\permission.cpp" />
    <ClCompile Include="..\..\TAHITI\protocoV1.cpp" />
    <ClCompile Include="..\..\TAHITI\modules.cpp" />
    <ClCompile Include="..\..\TAHITI\hertbeat.cpp" />
    <ClCompile Include="..\..\TAHITI\event.cpp" />
    <ClCompile Include="..\..\TAHITI\client.cpp" />
  </ItemGroup>
</Project>