<?xml version="1.0" encoding="utf-8"?>
<Project ToolsVersion="4.0" xmlns="http://schemas.microsoft.com/developer/msbuild/2003">
  <ItemGroup>
    <ClCompile Include="crypt.cpp">
      <Filter>代码</Filter>
    </ClCompile>
    <ClCompile Include="libSemphella.cpp">
      <Filter>代码</Filter>
    </ClCompile>
    <ClCompile Include="string.cpp">
      <Filter>代码</Filter>
    </ClCompile>
    <ClCompile Include="APD_LOADER.cpp">
      <Filter>代码</Filter>
    </ClCompile>
    <ClCompile Include="math.cpp">
      <Filter>代码</Filter>
    </ClCompile>
    <ClCompile Include="sum.cpp">
      <Filter>代码</Filter>
    </ClCompile>
    <ClCompile Include="files.cpp">
      <Filter>代码</Filter>
    </ClCompile>
    <ClCompile Include="utils.cpp">
      <Filter>代码</Filter>
    </ClCompile>
    <ClCompile Include="debug.cpp">
      <Filter>代码</Filter>
    </ClCompile>
    <ClCompile Include="license.cpp">
      <Filter>代码</Filter>
    </ClCompile>
    <ClCompile Include="argment.cpp">
      <Filter>代码</Filter>
    </ClCompile>
    <ClCompile Include="translate.cpp">
      <Filter>代码</Filter>
    </ClCompile>
    <ClCompile Include="kernel.cpp">
      <Filter>代码</Filter>
    </ClCompile>
    <ClCompile Include="AES.cpp">
      <Filter>代码</Filter>
    </ClCompile>
    <ClCompile Include="date_recovery_plus.cpp">
      <Filter>代码</Filter>
    </ClCompile>
    <ClCompile Include="time.cpp">
      <Filter>代码</Filter>
    </ClCompile>
    <ClCompile Include="emmx.cpp">
      <Filter>代码</Filter>
    </ClCompile>
    <ClCompile Include="db.cpp">
      <Filter>代码</Filter>
    </ClCompile>
  </ItemGroup>
  <ItemGroup>
    <ClInclude Include="crypt.h">
      <Filter>头</Filter>
    </ClInclude>
    <ClInclude Include="debug.h">
      <Filter>头</Filter>
    </ClInclude>
    <ClInclude Include="libsemphella.h">
      <Filter>头</Filter>
    </ClInclude>
    <ClInclude Include="linux.h">
      <Filter>头</Filter>
    </ClInclude>
    <ClInclude Include="main.h">
      <Filter>头</Filter>
    </ClInclude>
    <ClInclude Include="string.h">
      <Filter>头</Filter>
    </ClInclude>
    <ClInclude Include="apd.h">
      <Filter>头</Filter>
    </ClInclude>
    <ClInclude Include="math.h">
      <Filter>头</Filter>
    </ClInclude>
    <ClInclude Include="sum.h">
      <Filter>头</Filter>
    </ClInclude>
    <ClInclude Include="files.h">
      <Filter>头</Filter>
    </ClInclude>
    <ClInclude Include="utils.h">
      <Filter>头</Filter>
    </ClInclude>
    <ClInclude Include="config.h">
      <Filter>头</Filter>
    </ClInclude>
    <ClInclude Include="license.h">
      <Filter>头</Filter>
    </ClInclude>
    <ClInclude Include="argment.h">
      <Filter>头</Filter>
    </ClInclude>
    <ClInclude Include="kernel.h">
      <Filter>头</Filter>
    </ClInclude>
    <ClInclude Include="translate.h">
      <Filter>头</Filter>
    </ClInclude>
    <ClInclude Include="AES.h">
      <Filter>头</Filter>
    </ClInclude>
    <ClInclude Include="sysapi_modcall.h">
      <Filter>头</Filter>
    </ClInclude>
    <ClInclude Include="date_recovery_plus.h">
      <Filter>头</Filter>
    </ClInclude>
    <ClInclude Include="time.h">
      <Filter>头</Filter>
    </ClInclude>
    <ClInclude Include="VER.h">
      <Filter>头</Filter>
    </ClInclude>
    <ClInclude Include="emmx.h">
      <Filter>头</Filter>
    </ClInclude>
    <ClInclude Include="db.h">
      <Filter>头</Filter>
    </ClInclude>
  </ItemGroup>
  <ItemGroup>
    <Text Include="ReadMe.txt" />
    <Text Include="CMakeLists.txt" />
  </ItemGroup>
  <ItemGroup>
    <Filter Include="头">
      <UniqueIdentifier>{fdd57b04-0d30-407c-887e-88d4287a9289}</UniqueIdentifier>
    </Filter>
    <Filter Include="代码">
      <UniqueIdentifier>{e1ea335d-a1a2-4e71-a977-d4be1591af8c}</UniqueIdentifier>
    </Filter>
  </ItemGroup>
</Project>