<?xml version="1.0" encoding="utf-8"?>
<Project ToolsVersion="4.0" xmlns="http://schemas.microsoft.com/developer/msbuild/2003">
  <ItemGroup>
    <ClCompile Include="AES.cpp">
      <Filter>源文件</Filter>
    </ClCompile>
    <ClCompile Include="APD_LOADER.cpp">
      <Filter>源文件</Filter>
    </ClCompile>
    <ClCompile Include="argment.cpp">
      <Filter>源文件</Filter>
    </ClCompile>
    <ClCompile Include="crypt.cpp">
      <Filter>源文件</Filter>
    </ClCompile>
    <ClCompile Include="debug.cpp">
      <Filter>源文件</Filter>
    </ClCompile>
    <ClCompile Include="emmx.cpp">
      <Filter>源文件</Filter>
    </ClCompile>
    <ClCompile Include="files.cpp">
      <Filter>源文件</Filter>
    </ClCompile>
    <ClCompile Include="hal.cpp">
      <Filter>源文件</Filter>
    </ClCompile>
    <ClCompile Include="kernel.cpp">
      <Filter>源文件</Filter>
    </ClCompile>
    <ClCompile Include="libSemphella.cpp">
      <Filter>源文件</Filter>
    </ClCompile>
    <ClCompile Include="linux_serial.cpp">
      <Filter>源文件</Filter>
    </ClCompile>
    <ClCompile Include="math.cpp">
      <Filter>源文件</Filter>
    </ClCompile>
    <ClCompile Include="secureLoad.cpp">
      <Filter>源文件</Filter>
    </ClCompile>
    <ClCompile Include="stl.cpp">
      <Filter>源文件</Filter>
    </ClCompile>
    <ClCompile Include="string.cpp">
      <Filter>源文件</Filter>
    </ClCompile>
    <ClCompile Include="sysapi_modcall.cpp">
      <Filter>源文件</Filter>
    </ClCompile>
    <ClCompile Include="time.cpp">
      <Filter>源文件</Filter>
    </ClCompile>
    <ClCompile Include="translate.cpp">
      <Filter>源文件</Filter>
    </ClCompile>
    <ClCompile Include="utils.cpp">
      <Filter>源文件</Filter>
    </ClCompile>
    <ClCompile Include="estring.cpp">
      <Filter>源文件</Filter>
    </ClCompile>
  </ItemGroup>
  <ItemGroup>
    <ClInclude Include="AES.h">
      <Filter>头文件</Filter>
    </ClInclude>
    <ClInclude Include="apd.h">
      <Filter>头文件</Filter>
    </ClInclude>
    <ClInclude Include="argment.h">
      <Filter>头文件</Filter>
    </ClInclude>
    <ClInclude Include="config.h">
      <Filter>头文件</Filter>
    </ClInclude>
    <ClInclude Include="crypt.h">
      <Filter>头文件</Filter>
    </ClInclude>
    <ClInclude Include="debug.h">
      <Filter>头文件</Filter>
    </ClInclude>
    <ClInclude Include="emmx.h">
      <Filter>头文件</Filter>
    </ClInclude>
    <ClInclude Include="error.h">
      <Filter>头文件</Filter>
    </ClInclude>
    <ClInclude Include="files.h">
      <Filter>头文件</Filter>
    </ClInclude>
    <ClInclude Include="hal.h">
      <Filter>头文件</Filter>
    </ClInclude>
    <ClInclude Include="kernel.h">
      <Filter>头文件</Filter>
    </ClInclude>
    <ClInclude Include="libsemphella.h">
      <Filter>头文件</Filter>
    </ClInclude>
    <ClInclude Include="linux.h">
      <Filter>头文件</Filter>
    </ClInclude>
    <ClInclude Include="math.h">
      <Filter>头文件</Filter>
    </ClInclude>
    <ClInclude Include="net.h">
      <Filter>头文件</Filter>
    </ClInclude>
    <ClInclude Include="secload.h">
      <Filter>头文件</Filter>
    </ClInclude>
    <ClInclude Include="stl.h">
      <Filter>头文件</Filter>
    </ClInclude>
    <ClInclude Include="string.h">
      <Filter>头文件</Filter>
    </ClInclude>
    <ClInclude Include="time.h">
      <Filter>头文件</Filter>
    </ClInclude>
    <ClInclude Include="sysapi_modcall.h">
      <Filter>头文件</Filter>
    </ClInclude>
    <ClInclude Include="translate.h">
      <Filter>头文件</Filter>
    </ClInclude>
    <ClInclude Include="VER.h">
      <Filter>头文件</Filter>
    </ClInclude>
    <ClInclude Include="utils.h">
      <Filter>头文件</Filter>
    </ClInclude>
  </ItemGroup>
  <ItemGroup>
    <Text Include="CMakeLists.txt" />
    <Text Include="ReadMe.txt" />
  </ItemGroup>
  <ItemGroup>
    <Filter Include="头文件">
      <UniqueIdentifier>{7a316ee4-6fc4-47ad-9c44-8ed5e4fbf93e}</UniqueIdentifier>
    </Filter>
    <Filter Include="源文件">
      <UniqueIdentifier>{8d9d471d-544c-4209-b3bd-3a4fb8e12af5}</UniqueIdentifier>
    </Filter>
  </ItemGroup>
</Project>