<?xml version="1.0" encoding="utf-8"?>
<Project ToolsVersion="4.0" xmlns="http://schemas.microsoft.com/developer/msbuild/2003">
  <ItemGroup>
    <ClCompile Include="bios.cpp">
      <Filter>代码</Filter>
    </ClCompile>
    <ClCompile Include="crypt.cpp">
      <Filter>代码</Filter>
    </ClCompile>
    <ClCompile Include="debug.cpp">
      <Filter>代码</Filter>
    </ClCompile>
    <ClCompile Include="libSemphella.cpp">
      <Filter>代码</Filter>
    </ClCompile>
    <ClCompile Include="string.cpp">
      <Filter>代码</Filter>
    </ClCompile>
    <ClCompile Include="APD_LOADER.cpp">
      <Filter>代码</Filter>
    </ClCompile>
    <ClCompile Include="math.cpp">
      <Filter>代码</Filter>
    </ClCompile>
    <ClCompile Include="kernel.cpp" />
    <ClCompile Include="sum.cpp">
      <Filter>代码</Filter>
    </ClCompile>
    <ClCompile Include="files.cpp">
      <Filter>代码</Filter>
    </ClCompile>
    <ClCompile Include="frRSA.cpp">
      <Filter>代码</Filter>
    </ClCompile>
    <ClCompile Include="rsa.cpp">
      <Filter>代码</Filter>
    </ClCompile>
  </ItemGroup>
  <ItemGroup>
    <ClInclude Include="crypt.h">
      <Filter>头</Filter>
    </ClInclude>
    <ClInclude Include="debug.h">
      <Filter>头</Filter>
    </ClInclude>
    <ClInclude Include="libbios.h">
      <Filter>头</Filter>
    </ClInclude>
    <ClInclude Include="libsemphella.h">
      <Filter>头</Filter>
    </ClInclude>
    <ClInclude Include="linux.h">
      <Filter>头</Filter>
    </ClInclude>
    <ClInclude Include="main.h">
      <Filter>头</Filter>
    </ClInclude>
    <ClInclude Include="string.h">
      <Filter>头</Filter>
    </ClInclude>
    <ClInclude Include="apd.h">
      <Filter>头</Filter>
    </ClInclude>
    <ClInclude Include="math.h">
      <Filter>头</Filter>
    </ClInclude>
    <ClInclude Include="kernel.h" />
    <ClInclude Include="sum.h">
      <Filter>头</Filter>
    </ClInclude>
    <ClInclude Include="files.h">
      <Filter>头</Filter>
    </ClInclude>
    <ClInclude Include="rsa.h">
      <Filter>头</Filter>
    </ClInclude>
  </ItemGroup>
  <ItemGroup>
    <Text Include="ReadMe.txt" />
  </ItemGroup>
  <ItemGroup>
    <Filter Include="头">
      <UniqueIdentifier>{fdd57b04-0d30-407c-887e-88d4287a9289}</UniqueIdentifier>
    </Filter>
    <Filter Include="代码">
      <UniqueIdentifier>{e1ea335d-a1a2-4e71-a977-d4be1591af8c}</UniqueIdentifier>
    </Filter>
  </ItemGroup>
</Project>