<?xml version="1.0" encoding="utf-8"?>
<Project ToolsVersion="14.0" xmlns="http://schemas.microsoft.com/developer/msbuild/2003">
  <ItemGroup>
    <Filter Include="Resource Files">
      <UniqueIdentifier>{67DA6AB6-F800-4c08-8B7A-83BB121AAD01}</UniqueIdentifier>
      <Extensions>rc;ico;cur;bmp;dlg;rc2;rct;bin;rgs;gif;jpg;jpeg;jpe;resx;tga;tiff;tif;png;wav;mfcribbon-ms</Extensions>
    </Filter>
  </ItemGroup>
  <ItemGroup>
    <ClInclude Include="..\..\libSemphella\main.h" />
    <ClInclude Include="..\..\libSemphella\files.h" />
    <ClInclude Include="..\..\libSemphella\string.h" />
    <ClInclude Include="..\..\libSemphella\crypt.h" />
    <ClInclude Include="..\..\libSemphella\config.h" />
    <ClInclude Include="..\..\libSemphella\license.h" />
    <ClInclude Include="..\..\libSemphella\utils.h" />
    <ClInclude Include="..\..\libSemphella\translate.h" />
    <ClInclude Include="..\..\libSemphella\sum.h" />
    <ClInclude Include="..\..\libSemphella\math.h" />
    <ClInclude Include="..\..\libSemphella\linux.h" />
    <ClInclude Include="..\..\libSemphella\libSemphella.h" />
    <ClInclude Include="..\..\libSemphella\kernel.h" />
    <ClInclude Include="..\..\libSemphella\debug.h" />
    <ClInclude Include="..\..\libSemphella\apd.h" />
    <ClInclude Include="..\..\libSemphella\argment.h" />
    <ClInclude Include="..\..\libSemphella\aes.h" />
  </ItemGroup>
  <ItemGroup>
    <ClCompile Include="..\..\libSemphella\string.cpp" />
    <ClCompile Include="..\..\libSemphella\license.cpp" />
    <ClCompile Include="..\..\libSemphella\crypt.cpp" />
    <ClCompile Include="..\..\libSemphella\files.cpp" />
    <ClCompile Include="..\..\libSemphella\math.cpp" />
    <ClCompile Include="..\..\libSemphella\utils.cpp" />
    <ClCompile Include="..\..\libSemphella\translate.cpp" />
    <ClCompile Include="..\..\libSemphella\sum.cpp" />
    <ClCompile Include="..\..\libSemphella\libSemphella.cpp" />
    <ClCompile Include="..\..\libSemphella\kernel.cpp" />
    <ClCompile Include="..\..\libSemphella\debug.cpp" />
    <ClCompile Include="..\..\libSemphella\argment.cpp" />
    <ClCompile Include="..\..\libSemphella\APD_LOADER.cpp" />
    <ClCompile Include="..\..\libSemphella\aes.cpp" />
  </ItemGroup>
</Project>